// !$*UTF8*$!
{
	archiveVersion = 1;
	classes = {
	};
	objectVersion = 50;
	objects = {

/* Begin PBXBuildFile section */
		39306D11AD6AE80C42F88CDB /* Pods_my_umeng_demo.framework in Frameworks */ = {isa = PBXBuildFile; fileRef = 814E6940A072C145A651EF70 /* Pods_my_umeng_demo.framework */; };
		BFE8F1E424AD633200485AB2 /* UmengPlugin.m in Sources */ = {isa = PBXBuildFile; fileRef = BFE8F1E324AD633200485AB2 /* UmengPlugin.m */; };
		BFF1AF2A24AC8E1600E39359 /* AppDelegate.m in Sources */ = {isa = PBXBuildFile; fileRef = BFF1AF2924AC8E1600E39359 /* AppDelegate.m */; };
		BFF1AF2D24AC8E1600E39359 /* SceneDelegate.m in Sources */ = {isa = PBXBuildFile; fileRef = BFF1AF2C24AC8E1600E39359 /* SceneDelegate.m */; };
		BFF1AF3024AC8E1600E39359 /* ViewController.m in Sources */ = {isa = PBXBuildFile; fileRef = BFF1AF2F24AC8E1600E39359 /* ViewController.m */; };
		BFF1AF3324AC8E1600E39359 /* Main.storyboard in Resources */ = {isa = PBXBuildFile; fileRef = BFF1AF3124AC8E1600E39359 /* Main.storyboard */; };
		BFF1AF3524AC8E1900E39359 /* Assets.xcassets in Resources */ = {isa = PBXBuildFile; fileRef = BFF1AF3424AC8E1900E39359 /* Assets.xcassets */; };
		BFF1AF3824AC8E1900E39359 /* LaunchScreen.storyboard in Resources */ = {isa = PBXBuildFile; fileRef = BFF1AF3624AC8E1900E39359 /* LaunchScreen.storyboard */; };
		BFF1AF3B24AC8E1900E39359 /* main.m in Sources */ = {isa = PBXBuildFile; fileRef = BFF1AF3A24AC8E1900E39359 /* main.m */; };
/* End PBXBuildFile section */

/* Begin PBXFileReference section */
		28E9178D5D8616CD502F90F3 /* Pods-my_umeng_demo.release.xcconfig */ = {isa = PBXFileReference; includeInIndex = 1; lastKnownFileType = text.xcconfig; name = "Pods-my_umeng_demo.release.xcconfig"; path = "Target Support Files/Pods-my_umeng_demo/Pods-my_umeng_demo.release.xcconfig"; sourceTree = "<group>"; };
		814E6940A072C145A651EF70 /* Pods_my_umeng_demo.framework */ = {isa = PBXFileReference; explicitFileType = wrapper.framework; includeInIndex = 0; path = Pods_my_umeng_demo.framework; sourceTree = BUILT_PRODUCTS_DIR; };
		BFE8F1E224AD633200485AB2 /* UmengPlugin.h */ = {isa = PBXFileReference; lastKnownFileType = sourcecode.c.h; path = UmengPlugin.h; sourceTree = "<group>"; };
		BFE8F1E324AD633200485AB2 /* UmengPlugin.m */ = {isa = PBXFileReference; lastKnownFileType = sourcecode.c.objc; path = UmengPlugin.m; sourceTree = "<group>"; };
		BFF1AF2524AC8E1600E39359 /* my_umeng_demo.app */ = {isa = PBXFileReference; explicitFileType = wrapper.application; includeInIndex = 0; path = my_umeng_demo.app; sourceTree = BUILT_PRODUCTS_DIR; };
		BFF1AF2824AC8E1600E39359 /* AppDelegate.h */ = {isa = PBXFileReference; lastKnownFileType = sourcecode.c.h; path = AppDelegate.h; sourceTree = "<group>"; };
		BFF1AF2924AC8E1600E39359 /* AppDelegate.m */ = {isa = PBXFileReference; lastKnownFileType = sourcecode.c.objc; path = AppDelegate.m; sourceTree = "<group>"; };
		BFF1AF2B24AC8E1600E39359 /* SceneDelegate.h */ = {isa = PBXFileReference; lastKnownFileType = sourcecode.c.h; path = SceneDelegate.h; sourceTree = "<group>"; };
		BFF1AF2C24AC8E1600E39359 /* SceneDelegate.m */ = {isa = PBXFileReference; lastKnownFileType = sourcecode.c.objc; path = SceneDelegate.m; sourceTree = "<group>"; };
		BFF1AF2E24AC8E1600E39359 /* ViewController.h */ = {isa = PBXFileReference; lastKnownFileType = sourcecode.c.h; path = ViewController.h; sourceTree = "<group>"; };
		BFF1AF2F24AC8E1600E39359 /* ViewController.m */ = {isa = PBXFileReference; lastKnownFileType = sourcecode.c.objc; path = ViewController.m; sourceTree = "<group>"; };
		BFF1AF3224AC8E1600E39359 /* Base */ = {isa = PBXFileReference; lastKnownFileType = file.storyboard; name = Base; path = Base.lproj/Main.storyboard; sourceTree = "<group>"; };
		BFF1AF3424AC8E1900E39359 /* Assets.xcassets */ = {isa = PBXFileReference; lastKnownFileType = folder.assetcatalog; path = Assets.xcassets; sourceTree = "<group>"; };
		BFF1AF3724AC8E1900E39359 /* Base */ = {isa = PBXFileReference; lastKnownFileType = file.storyboard; name = Base; path = Base.lproj/LaunchScreen.storyboard; sourceTree = "<group>"; };
		BFF1AF3924AC8E1900E39359 /* Info.plist */ = {isa = PBXFileReference; lastKnownFileType = text.plist.xml; path = Info.plist; sourceTree = "<group>"; };
		BFF1AF3A24AC8E1900E39359 /* main.m */ = {isa = PBXFileReference; lastKnownFileType = sourcecode.c.objc; path = main.m; sourceTree = "<group>"; };
		C20CC923E32047A6A30D8084 /* Pods-my_umeng_demo.debug.xcconfig */ = {isa = PBXFileReference; includeInIndex = 1; lastKnownFileType = text.xcconfig; name = "Pods-my_umeng_demo.debug.xcconfig"; path = "Target Support Files/Pods-my_umeng_demo/Pods-my_umeng_demo.debug.xcconfig"; sourceTree = "<group>"; };
/* End PBXFileReference section */

/* Begin PBXFrameworksBuildPhase section */
		BFF1AF2224AC8E1600E39359 /* Frameworks */ = {
			isa = PBXFrameworksBuildPhase;
			buildActionMask = 2147483647;
			files = (
				39306D11AD6AE80C42F88CDB /* Pods_my_umeng_demo.framework in Frameworks */,
			);
			runOnlyForDeploymentPostprocessing = 0;
		};
/* End PBXFrameworksBuildPhase section */

/* Begin PBXGroup section */
		0ED71E954D9D9F8A47DC7D26 /* Frameworks */ = {
			isa = PBXGroup;
			children = (
				814E6940A072C145A651EF70 /* Pods_my_umeng_demo.framework */,
			);
			name = Frameworks;
			sourceTree = "<group>";
		};
		162178C468CE498C27B0123D /* Pods */ = {
			isa = PBXGroup;
			children = (
				C20CC923E32047A6A30D8084 /* Pods-my_umeng_demo.debug.xcconfig */,
				28E9178D5D8616CD502F90F3 /* Pods-my_umeng_demo.release.xcconfig */,
			);
			path = Pods;
			sourceTree = "<group>";
		};
		BFF1AF1C24AC8E1600E39359 = {
			isa = PBXGroup;
			children = (
				BFF1AF2724AC8E1600E39359 /* my_umeng_demo */,
				BFF1AF2624AC8E1600E39359 /* Products */,
				162178C468CE498C27B0123D /* Pods */,
				0ED71E954D9D9F8A47DC7D26 /* Frameworks */,
			);
			sourceTree = "<group>";
		};
		BFF1AF2624AC8E1600E39359 /* Products */ = {
			isa = PBXGroup;
			children = (
				BFF1AF2524AC8E1600E39359 /* my_umeng_demo.app */,
			);
			name = Products;
			sourceTree = "<group>";
		};
		BFF1AF2724AC8E1600E39359 /* my_umeng_demo */ = {
			isa = PBXGroup;
			children = (
				BFF1AF2824AC8E1600E39359 /* AppDelegate.h */,
				BFF1AF2924AC8E1600E39359 /* AppDelegate.m */,
				BFF1AF2B24AC8E1600E39359 /* SceneDelegate.h */,
				BFF1AF2C24AC8E1600E39359 /* SceneDelegate.m */,
				BFF1AF2E24AC8E1600E39359 /* ViewController.h */,
				BFF1AF2F24AC8E1600E39359 /* ViewController.m */,
				BFF1AF3124AC8E1600E39359 /* Main.storyboard */,
				BFF1AF3424AC8E1900E39359 /* Assets.xcassets */,
				BFF1AF3624AC8E1900E39359 /* LaunchScreen.storyboard */,
				BFF1AF3924AC8E1900E39359 /* Info.plist */,
				BFF1AF3A24AC8E1900E39359 /* main.m */,
				BFE8F1E224AD633200485AB2 /* UmengPlugin.h */,
				BFE8F1E324AD633200485AB2 /* UmengPlugin.m */,
			);
			path = my_umeng_demo;
			sourceTree = "<group>";
		};
/* End PBXGroup section */

/* Begin PBXNativeTarget section */
		BFF1AF2424AC8E1600E39359 /* my_umeng_demo */ = {
			isa = PBXNativeTarget;
			buildConfigurationList = BFF1AF3E24AC8E1900E39359 /* Build configuration list for PBXNativeTarget "my_umeng_demo" */;
			buildPhases = (
				4CF3AD6E47613468396A7D7E /* [CP] Check Pods Manifest.lock */,
				BFF1AF2124AC8E1600E39359 /* Sources */,
				BFF1AF2224AC8E1600E39359 /* Frameworks */,
				BFF1AF2324AC8E1600E39359 /* Resources */,
			);
			buildRules = (
			);
			dependencies = (
			);
			name = my_umeng_demo;
			productName = my_umeng_demo;
			productReference = BFF1AF2524AC8E1600E39359 /* my_umeng_demo.app */;
			productType = "com.apple.product-type.application";
		};
/* End PBXNativeTarget section */

/* Begin PBXProject section */
		BFF1AF1D24AC8E1600E39359 /* Project object */ = {
			isa = PBXProject;
			attributes = {
				LastUpgradeCheck = 1150;
				ORGANIZATIONNAME = etiantian;
				TargetAttributes = {
					BFF1AF2424AC8E1600E39359 = {
						CreatedOnToolsVersion = 11.5;
					};
				};
			};
			buildConfigurationList = BFF1AF2024AC8E1600E39359 /* Build configuration list for PBXProject "my_umeng_demo" */;
			compatibilityVersion = "Xcode 9.3";
			developmentRegion = en;
			hasScannedForEncodings = 0;
			knownRegions = (
				en,
				Base,
			);
			mainGroup = BFF1AF1C24AC8E1600E39359;
			productRefGroup = BFF1AF2624AC8E1600E39359 /* Products */;
			projectDirPath = "";
			projectRoot = "";
			targets = (
				BFF1AF2424AC8E1600E39359 /* my_umeng_demo */,
			);
		};
/* End PBXProject section */

/* Begin PBXResourcesBuildPhase section */
		BFF1AF2324AC8E1600E39359 /* Resources */ = {
			isa = PBXResourcesBuildPhase;
			buildActionMask = 2147483647;
			files = (
				BFF1AF3824AC8E1900E39359 /* LaunchScreen.storyboard in Resources */,
				BFF1AF3524AC8E1900E39359 /* Assets.xcassets in Resources */,
				BFF1AF3324AC8E1600E39359 /* Main.storyboard in Resources */,
			);
			runOnlyForDeploymentPostprocessing = 0;
		};
/* End PBXResourcesBuildPhase section */

/* Begin PBXShellScriptBuildPhase section */
		4CF3AD6E47613468396A7D7E /* [CP] Check Pods Manifest.lock */ = {
			isa = PBXShellScriptBuildPhase;
			buildActionMask = 2147483647;
			files = (
			);
			inputFileListPaths = (
			);
			inputPaths = (
				"${PODS_PODFILE_DIR_PATH}/Podfile.lock",
				"${PODS_ROOT}/Manifest.lock",
			);
			name = "[CP] Check Pods Manifest.lock";
			outputFileListPaths = (
			);
			outputPaths = (
				"$(DERIVED_FILE_DIR)/Pods-my_umeng_demo-checkManifestLockResult.txt",
			);
			runOnlyForDeploymentPostprocessing = 0;
			shellPath = /bin/sh;
			shellScript = "diff \"${PODS_PODFILE_DIR_PATH}/Podfile.lock\" \"${PODS_ROOT}/Manifest.lock\" > /dev/null\nif [ $? != 0 ] ; then\n    # print error to STDERR\n    echo \"error: The sandbox is not in sync with the Podfile.lock. Run 'pod install' or update your CocoaPods installation.\" >&2\n    exit 1\nfi\n# This output is used by Xcode 'outputs' to avoid re-running this script phase.\necho \"SUCCESS\" > \"${SCRIPT_OUTPUT_FILE_0}\"\n";
			showEnvVarsInLog = 0;
		};
/* End PBXShellScriptBuildPhase section */

/* Begin PBXSourcesBuildPhase section */
		BFF1AF2124AC8E1600E39359 /* Sources */ = {
			isa = PBXSourcesBuildPhase;
			buildActionMask = 2147483647;
			files = (
				BFF1AF3024AC8E1600E39359 /* ViewController.m in Sources */,
				BFF1AF2A24AC8E1600E39359 /* AppDelegate.m in Sources */,
				BFE8F1E424AD633200485AB2 /* UmengPlugin.m in Sources */,
				BFF1AF3B24AC8E1900E39359 /* main.m in Sources */,
				BFF1AF2D24AC8E1600E39359 /* SceneDelegate.m in Sources */,
			);
			runOnlyForDeploymentPostprocessing = 0;
		};
/* End PBXSourcesBuildPhase section */

/* Begin PBXVariantGroup section */
		BFF1AF3124AC8E1600E39359 /* Main.storyboard */ = {
			isa = PBXVariantGroup;
			children = (
				BFF1AF3224AC8E1600E39359 /* Base */,
			);
			name = Main.storyboard;
			sourceTree = "<group>";
		};
		BFF1AF3624AC8E1900E39359 /* LaunchScreen.storyboard */ = {
			isa = PBXVariantGroup;
			children = (
				BFF1AF3724AC8E1900E39359 /* Base */,
			);
			name = LaunchScreen.storyboard;
			sourceTree = "<group>";
		};
/* End PBXVariantGroup section */

/* Begin XCBuildConfiguration section */
		BFF1AF3C24AC8E1900E39359 /* Debug */ = {
			isa = XCBuildConfiguration;
			buildSettings = {
				ALWAYS_SEARCH_USER_PATHS = NO;
				CLANG_ANALYZER_NONNULL = YES;
				CLANG_ANALYZER_NUMBER_OBJECT_CONVERSION = YES_AGGRESSIVE;
				CLANG_CXX_LANGUAGE_STANDARD = "gnu++14";
				CLANG_CXX_LIBRARY = "libc++";
				CLANG_ENABLE_MODULES = YES;
				CLANG_ENABLE_OBJC_ARC = YES;
				CLANG_ENABLE_OBJC_WEAK = YES;
				CLANG_WARN_BLOCK_CAPTURE_AUTORELEASING = YES;
				CLANG_WARN_BOOL_CONVERSION = YES;
				CLANG_WARN_COMMA = YES;
				CLANG_WARN_CONSTANT_CONVERSION = YES;
				CLANG_WARN_DEPRECATED_OBJC_IMPLEMENTATIONS = YES;
				CLANG_WARN_DIRECT_OBJC_ISA_USAGE = YES_ERROR;
				CLANG_WARN_DOCUMENTATION_COMMENTS = YES;
				CLANG_WARN_EMPTY_BODY = YES;
				CLANG_WARN_ENUM_CONVERSION = YES;
				CLANG_WARN_INFINITE_RECURSION = YES;
				CLANG_WARN_INT_CONVERSION = YES;
				CLANG_WARN_NON_LITERAL_NULL_CONVERSION = YES;
				CLANG_WARN_OBJC_IMPLICIT_RETAIN_SELF = YES;
				CLANG_WARN_OBJC_LITERAL_CONVERSION = YES;
				CLANG_WARN_OBJC_ROOT_CLASS = YES_ERROR;
				CLANG_WARN_RANGE_LOOP_ANALYSIS = YES;
				CLANG_WARN_STRICT_PROTOTYPES = YES;
				CLANG_WARN_SUSPICIOUS_MOVE = YES;
				CLANG_WARN_UNGUARDED_AVAILABILITY = YES_AGGRESSIVE;
				CLANG_WARN_UNREACHABLE_CODE = YES;
				CLANG_WARN__DUPLICATE_METHOD_MATCH = YES;
				COPY_PHASE_STRIP = NO;
				DEBUG_INFORMATION_FORMAT = dwarf;
				ENABLE_STRICT_OBJC_MSGSEND = YES;
				ENABLE_TESTABILITY = YES;
				GCC_C_LANGUAGE_STANDARD = gnu11;
				GCC_DYNAMIC_NO_PIC = NO;
				GCC_NO_COMMON_BLOCKS = YES;
				GCC_OPTIMIZATION_LEVEL = 0;
				GCC_PREPROCESSOR_DEFINITIONS = (
					"DEBUG=1",
					"$(inherited)",
				);
				GCC_WARN_64_TO_32_BIT_CONVERSION = YES;
				GCC_WARN_ABOUT_RETURN_TYPE = YES_ERROR;
				GCC_WARN_UNDECLARED_SELECTOR = YES;
				GCC_WARN_UNINITIALIZED_AUTOS = YES_AGGRESSIVE;
				GCC_WARN_UNUSED_FUNCTION = YES;
				GCC_WARN_UNUSED_VARIABLE = YES;
				IPHONEOS_DEPLOYMENT_TARGET = 13.5;
				MTL_ENABLE_DEBUG_INFO = INCLUDE_SOURCE;
				MTL_FAST_MATH = YES;
				ONLY_ACTIVE_ARCH = YES;
				SDKROOT = iphoneos;
			};
			name = Debug;
		};
		BFF1AF3D24AC8E1900E39359 /* Release */ = {
			isa = XCBuildConfiguration;
			buildSettings = {
				ALWAYS_SEARCH_USER_PATHS = NO;
				CLANG_ANALYZER_NONNULL = YES;
				CLANG_ANALYZER_NUMBER_OBJECT_CONVERSION = YES_AGGRESSIVE;
				CLANG_CXX_LANGUAGE_STANDARD = "gnu++14";
				CLANG_CXX_LIBRARY = "libc++";
				CLANG_ENABLE_MODULES = YES;
				CLANG_ENABLE_OBJC_ARC = YES;
				CLANG_ENABLE_OBJC_WEAK = YES;
				CLANG_WARN_BLOCK_CAPTURE_AUTORELEASING = YES;
				CLANG_WARN_BOOL_CONVERSION = YES;
				CLANG_WARN_COMMA = YES;
				CLANG_WARN_CONSTANT_CONVERSION = YES;
				CLANG_WARN_DEPRECATED_OBJC_IMPLEMENTATIONS = YES;
				CLANG_WARN_DIRECT_OBJC_ISA_USAGE = YES_ERROR;
				CLANG_WARN_DOCUMENTATION_COMMENTS = YES;
				CLANG_WARN_EMPTY_BODY = YES;
				CLANG_WARN_ENUM_CONVERSION = YES;
				CLANG_WARN_INFINITE_RECURSION = YES;
				CLANG_WARN_INT_CONVERSION = YES;
				CLANG_WARN_NON_LITERAL_NULL_CONVERSION = YES;
				CLANG_WARN_OBJC_IMPLICIT_RETAIN_SELF = YES;
				CLANG_WARN_OBJC_LITERAL_CONVERSION = YES;
				CLANG_WARN_OBJC_ROOT_CLASS = YES_ERROR;
				CLANG_WARN_RANGE_LOOP_ANALYSIS = YES;
				CLANG_WARN_STRICT_PROTOTYPES = YES;
				CLANG_WARN_SUSPICIOUS_MOVE = YES;
				CLANG_WARN_UNGUARDED_AVAILABILITY = YES_AGGRESSIVE;
				CLANG_WARN_UNREACHABLE_CODE = YES;
				CLANG_WARN__DUPLICATE_METHOD_MATCH = YES;
				COPY_PHASE_STRIP = NO;
				DEBUG_INFORMATION_FORMAT = "dwarf-with-dsym";
				ENABLE_NS_ASSERTIONS = NO;
				ENABLE_STRICT_OBJC_MSGSEND = YES;
				GCC_C_LANGUAGE_STANDARD = gnu11;
				GCC_NO_COMMON_BLOCKS = YES;
				GCC_WARN_64_TO_32_BIT_CONVERSION = YES;
				GCC_WARN_ABOUT_RETURN_TYPE = YES_ERROR;
				GCC_WARN_UNDECLARED_SELECTOR = YES;
				GCC_WARN_UNINITIALIZED_AUTOS = YES_AGGRESSIVE;
				GCC_WARN_UNUSED_FUNCTION = YES;
				GCC_WARN_UNUSED_VARIABLE = YES;
				IPHONEOS_DEPLOYMENT_TARGET = 13.5;
				MTL_ENABLE_DEBUG_INFO = NO;
				MTL_FAST_MATH = YES;
				SDKROOT = iphoneos;
				VALIDATE_PRODUCT = YES;
			};
			name = Release;
		};
		BFF1AF3F24AC8E1900E39359 /* Debug */ = {
			isa = XCBuildConfiguration;
			baseConfigurationReference = C20CC923E32047A6A30D8084 /* Pods-my_umeng_demo.debug.xcconfig */;
			buildSettings = {
				ASSETCATALOG_COMPILER_APPICON_NAME = AppIcon;
				CODE_SIGN_STYLE = Automatic;
				DEVELOPMENT_TEAM = 4XP6U9X87N;
				INFOPLIST_FILE = my_umeng_demo/Info.plist;
				LD_RUNPATH_SEARCH_PATHS = (
					"$(inherited)",
					"@executable_path/Frameworks",
				);
				PRODUCT_BUNDLE_IDENTIFIER = "com.etiantian.my-umeng-demo";
				PRODUCT_NAME = "$(TARGET_NAME)";
				TARGETED_DEVICE_FAMILY = "1,2";
			};
			name = Debug;
		};
		BFF1AF4024AC8E1900E39359 /* Release */ = {
			isa = XCBuildConfiguration;
			baseConfigurationReference = 28E9178D5D8616CD502F90F3 /* Pods-my_umeng_demo.release.xcconfig */;
			buildSettings = {
				ASSETCATALOG_COMPILER_APPICON_NAME = AppIcon;
				CODE_SIGN_STYLE = Automatic;
				DEVELOPMENT_TEAM = 4XP6U9X87N;
				INFOPLIST_FILE = my_umeng_demo/Info.plist;
				LD_RUNPATH_SEARCH_PATHS = (
					"$(inherited)",
					"@executable_path/Frameworks",
				);
				PRODUCT_BUNDLE_IDENTIFIER = "com.etiantian.my-umeng-demo";
				PRODUCT_NAME = "$(TARGET_NAME)";
				TARGETED_DEVICE_FAMILY = "1,2";
			};
			name = Release;
		};
/* End XCBuildConfiguration section */

/* Begin XCConfigurationList section */
		BFF1AF2024AC8E1600E39359 /* Build configuration list for PBXProject "my_umeng_demo" */ = {
			isa = XCConfigurationList;
			buildConfigurations = (
				BFF1AF3C24AC8E1900E39359 /* Debug */,
				BFF1AF3D24AC8E1900E39359 /* Release */,
			);
			defaultConfigurationIsVisible = 0;
			defaultConfigurationName = Release;
		};
		BFF1AF3E24AC8E1900E39359 /* Build configuration list for PBXNativeTarget "my_umeng_demo" */ = {
			isa = XCConfigurationList;
			buildConfigurations = (
				BFF1AF3F24AC8E1900E39359 /* Debug */,
				BFF1AF4024AC8E1900E39359 /* Release */,
			);
			defaultConfigurationIsVisible = 0;
			defaultConfigurationName = Release;
		};
/* End XCConfigurationList section */
	};
	rootObject = BFF1AF1D24AC8E1600E39359 /* Project object */;
}
