// !$*UTF8*$!
{
	archiveVersion = 1;
	classes = {
	};
	objectVersion = 50;
	objects = {

/* Begin PBXBuildFile section */
		BF60AD1724722BA300347C29 /* AppDelegate.m in Sources */ = {isa = PBXBuildFile; fileRef = BF60AD1624722BA300347C29 /* AppDelegate.m */; };
		BF60AD1A24722BA300347C29 /* SceneDelegate.m in Sources */ = {isa = PBXBuildFile; fileRef = BF60AD1924722BA300347C29 /* SceneDelegate.m */; };
		BF60AD1D24722BA300347C29 /* ViewController.m in Sources */ = {isa = PBXBuildFile; fileRef = BF60AD1C24722BA300347C29 /* ViewController.m */; };
		BF60AD2024722BA300347C29 /* Main.storyboard in Resources */ = {isa = PBXBuildFile; fileRef = BF60AD1E24722BA300347C29 /* Main.storyboard */; };
		BF60AD2224722BA500347C29 /* Assets.xcassets in Resources */ = {isa = PBXBuildFile; fileRef = BF60AD2124722BA500347C29 /* Assets.xcassets */; };
		BF60AD2524722BA500347C29 /* LaunchScreen.storyboard in Resources */ = {isa = PBXBuildFile; fileRef = BF60AD2324722BA500347C29 /* LaunchScreen.storyboard */; };
		BF60AD2824722BA500347C29 /* main.m in Sources */ = {isa = PBXBuildFile; fileRef = BF60AD2724722BA500347C29 /* main.m */; };
		BF710B5A2474B9ED001E6284 /* MTTThread.m in Sources */ = {isa = PBXBuildFile; fileRef = BF710B592474B9EC001E6284 /* MTTThread.m */; };
/* End PBXBuildFile section */

/* Begin PBXFileReference section */
		BF60AD1224722BA300347C29 /* RunLoopSourceCode.app */ = {isa = PBXFileReference; explicitFileType = wrapper.application; includeInIndex = 0; path = RunLoopSourceCode.app; sourceTree = BUILT_PRODUCTS_DIR; };
		BF60AD1524722BA300347C29 /* AppDelegate.h */ = {isa = PBXFileReference; lastKnownFileType = sourcecode.c.h; path = AppDelegate.h; sourceTree = "<group>"; };
		BF60AD1624722BA300347C29 /* AppDelegate.m */ = {isa = PBXFileReference; lastKnownFileType = sourcecode.c.objc; path = AppDelegate.m; sourceTree = "<group>"; };
		BF60AD1824722BA300347C29 /* SceneDelegate.h */ = {isa = PBXFileReference; lastKnownFileType = sourcecode.c.h; path = SceneDelegate.h; sourceTree = "<group>"; };
		BF60AD1924722BA300347C29 /* SceneDelegate.m */ = {isa = PBXFileReference; lastKnownFileType = sourcecode.c.objc; path = SceneDelegate.m; sourceTree = "<group>"; };
		BF60AD1B24722BA300347C29 /* ViewController.h */ = {isa = PBXFileReference; lastKnownFileType = sourcecode.c.h; path = ViewController.h; sourceTree = "<group>"; };
		BF60AD1C24722BA300347C29 /* ViewController.m */ = {isa = PBXFileReference; lastKnownFileType = sourcecode.c.objc; path = ViewController.m; sourceTree = "<group>"; };
		BF60AD1F24722BA300347C29 /* Base */ = {isa = PBXFileReference; lastKnownFileType = file.storyboard; name = Base; path = Base.lproj/Main.storyboard; sourceTree = "<group>"; };
		BF60AD2124722BA500347C29 /* Assets.xcassets */ = {isa = PBXFileReference; lastKnownFileType = folder.assetcatalog; path = Assets.xcassets; sourceTree = "<group>"; };
		BF60AD2424722BA500347C29 /* Base */ = {isa = PBXFileReference; lastKnownFileType = file.storyboard; name = Base; path = Base.lproj/LaunchScreen.storyboard; sourceTree = "<group>"; };
		BF60AD2624722BA500347C29 /* Info.plist */ = {isa = PBXFileReference; lastKnownFileType = text.plist.xml; path = Info.plist; sourceTree = "<group>"; };
		BF60AD2724722BA500347C29 /* main.m */ = {isa = PBXFileReference; lastKnownFileType = sourcecode.c.objc; path = main.m; sourceTree = "<group>"; };
		BF60ADDE24722D6F00347C29 /* CFUUID.h */ = {isa = PBXFileReference; lastKnownFileType = sourcecode.c.h; path = CFUUID.h; sourceTree = "<group>"; };
		BF60ADDF24722D6F00347C29 /* CF-1151.16.xcodeproj */ = {isa = PBXFileReference; lastKnownFileType = "wrapper.pb-project"; path = "CF-1151.16.xcodeproj"; sourceTree = "<group>"; };
		BF60ADE224722D6F00347C29 /* CFUniCharPriv.h */ = {isa = PBXFileReference; lastKnownFileType = sourcecode.c.h; path = CFUniCharPriv.h; sourceTree = "<group>"; };
		BF60ADE324722D6F00347C29 /* CFBundle.h */ = {isa = PBXFileReference; lastKnownFileType = sourcecode.c.h; path = CFBundle.h; sourceTree = "<group>"; };
		BF60ADE424722D6F00347C29 /* CFBigNumber.h */ = {isa = PBXFileReference; lastKnownFileType = sourcecode.c.h; path = CFBigNumber.h; sourceTree = "<group>"; };
		BF60ADE524722D6F00347C29 /* CFXMLInputStream.h */ = {isa = PBXFileReference; lastKnownFileType = sourcecode.c.h; path = CFXMLInputStream.h; sourceTree = "<group>"; };
		BF60ADE624722D6F00347C29 /* CFNumber.c */ = {isa = PBXFileReference; lastKnownFileType = sourcecode.c.c; path = CFNumber.c; sourceTree = "<group>"; };
		BF60ADE724722D6F00347C29 /* CFError.c */ = {isa = PBXFileReference; lastKnownFileType = sourcecode.c.c; path = CFError.c; sourceTree = "<group>"; };
		BF60ADE824722D6F00347C29 /* CFBundle_Internal.h */ = {isa = PBXFileReference; lastKnownFileType = sourcecode.c.h; path = CFBundle_Internal.h; sourceTree = "<group>"; };
		BF60ADE924722D6F00347C29 /* CFURL.inc.h */ = {isa = PBXFileReference; lastKnownFileType = sourcecode.c.h; path = CFURL.inc.h; sourceTree = "<group>"; };
		BF60ADEA24722D6F00347C29 /* CFPropertyList.c */ = {isa = PBXFileReference; lastKnownFileType = sourcecode.c.c; path = CFPropertyList.c; sourceTree = "<group>"; };
		BF60ADEB24722D6F00347C29 /* CFBag.h */ = {isa = PBXFileReference; lastKnownFileType = sourcecode.c.h; path = CFBag.h; sourceTree = "<group>"; };
		BF60ADEC24722D6F00347C29 /* CFStringEncodingConverterPriv.h */ = {isa = PBXFileReference; lastKnownFileType = sourcecode.c.h; path = CFStringEncodingConverterPriv.h; sourceTree = "<group>"; };
		BF60ADED24722D6F00347C29 /* CFRuntime.h */ = {isa = PBXFileReference; lastKnownFileType = sourcecode.c.h; path = CFRuntime.h; sourceTree = "<group>"; };
		BF60ADEE24722D6F00347C29 /* CFPreferences.h */ = {isa = PBXFileReference; lastKnownFileType = sourcecode.c.h; path = CFPreferences.h; sourceTree = "<group>"; };
		BF60ADEF24722D6F00347C29 /* CFConcreteStreams.c */ = {isa = PBXFileReference; lastKnownFileType = sourcecode.c.c; path = CFConcreteStreams.c; sourceTree = "<group>"; };
		BF60ADF024722D6F00347C29 /* CoreFoundation_Prefix.h */ = {isa = PBXFileReference; lastKnownFileType = sourcecode.c.h; path = CoreFoundation_Prefix.h; sourceTree = "<group>"; };
		BF60ADF124722D6F00347C29 /* CFAvailability.h */ = {isa = PBXFileReference; lastKnownFileType = sourcecode.c.h; path = CFAvailability.h; sourceTree = "<group>"; };
		BF60ADF224722D6F00347C29 /* SymbolAliases */ = {isa = PBXFileReference; lastKnownFileType = text; path = SymbolAliases; sourceTree = "<group>"; };
		BF60ADF324722D6F00347C29 /* CFUserNotification.h */ = {isa = PBXFileReference; lastKnownFileType = sourcecode.c.h; path = CFUserNotification.h; sourceTree = "<group>"; };
		BF60ADF424722D6F00347C29 /* CFTimeZone.c */ = {isa = PBXFileReference; lastKnownFileType = sourcecode.c.c; path = CFTimeZone.c; sourceTree = "<group>"; };
		BF60ADF524722D6F00347C29 /* CFVersion.c */ = {isa = PBXFileReference; lastKnownFileType = sourcecode.c.c; path = CFVersion.c; sourceTree = "<group>"; };
		BF60ADF624722D6F00347C29 /* ForFoundationOnly.h */ = {isa = PBXFileReference; lastKnownFileType = sourcecode.c.h; path = ForFoundationOnly.h; sourceTree = "<group>"; };
		BF60ADF724722D6F00347C29 /* CFBinaryPList.c */ = {isa = PBXFileReference; lastKnownFileType = sourcecode.c.c; path = CFBinaryPList.c; sourceTree = "<group>"; };
		BF60ADF824722D6F00347C29 /* CFXMLNode.h */ = {isa = PBXFileReference; lastKnownFileType = sourcecode.c.h; path = CFXMLNode.h; sourceTree = "<group>"; };
		BF60ADF924722D6F00347C29 /* CFBundle_Resources.c */ = {isa = PBXFileReference; lastKnownFileType = sourcecode.c.c; path = CFBundle_Resources.c; sourceTree = "<group>"; };
		BF60ADFA24722D6F00347C29 /* CFStreamAbstract.h */ = {isa = PBXFileReference; lastKnownFileType = sourcecode.c.h; path = CFStreamAbstract.h; sourceTree = "<group>"; };
		BF60ADFB24722D6F00347C29 /* CFString.c */ = {isa = PBXFileReference; lastKnownFileType = sourcecode.c.c; path = CFString.c; sourceTree = "<group>"; };
		BF60ADFC24722D6F00347C29 /* CFBasicHash.c */ = {isa = PBXFileReference; lastKnownFileType = sourcecode.c.c; path = CFBasicHash.c; sourceTree = "<group>"; };
		BF60ADFD24722D6F00347C29 /* CFArray.h */ = {isa = PBXFileReference; lastKnownFileType = sourcecode.c.h; path = CFArray.h; sourceTree = "<group>"; };
		BF60ADFE24722D6F00347C29 /* CFBundle_InfoPlist.c */ = {isa = PBXFileReference; lastKnownFileType = sourcecode.c.c; path = CFBundle_InfoPlist.c; sourceTree = "<group>"; };
		BF60ADFF24722D6F00347C29 /* CFXMLParser.c */ = {isa = PBXFileReference; lastKnownFileType = sourcecode.c.c; path = CFXMLParser.c; sourceTree = "<group>"; };
		BF60AE0024722D6F00347C29 /* CFBitVector.c */ = {isa = PBXFileReference; lastKnownFileType = sourcecode.c.c; path = CFBitVector.c; sourceTree = "<group>"; };
		BF60AE0124722D6F00347C29 /* CFStream.h */ = {isa = PBXFileReference; lastKnownFileType = sourcecode.c.h; path = CFStream.h; sourceTree = "<group>"; };
		BF60AE0224722D6F00347C29 /* CFRunLoop.c */ = {isa = PBXFileReference; lastKnownFileType = sourcecode.c.c; path = CFRunLoop.c; sourceTree = "<group>"; };
		BF60AE0324722D6F00347C29 /* CoreFoundation.h */ = {isa = PBXFileReference; lastKnownFileType = sourcecode.c.h; path = CoreFoundation.h; sourceTree = "<group>"; };
		BF60AE0424722D6F00347C29 /* CFBundle_BinaryTypes.h */ = {isa = PBXFileReference; lastKnownFileType = sourcecode.c.h; path = CFBundle_BinaryTypes.h; sourceTree = "<group>"; };
		BF60AE0524722D6F00347C29 /* CFSocket.c */ = {isa = PBXFileReference; lastKnownFileType = sourcecode.c.c; path = CFSocket.c; sourceTree = "<group>"; };
		BF60AE0624722D6F00347C29 /* CFDictionary.h */ = {isa = PBXFileReference; lastKnownFileType = sourcecode.c.h; path = CFDictionary.h; sourceTree = "<group>"; };
		BF60AE0724722D6F00347C29 /* APPLE_LICENSE */ = {isa = PBXFileReference; lastKnownFileType = text; path = APPLE_LICENSE; sourceTree = "<group>"; };
		BF60AE0824722D6F00347C29 /* CFURL.c */ = {isa = PBXFileReference; lastKnownFileType = sourcecode.c.c; path = CFURL.c; sourceTree = "<group>"; };
		BF60AE0924722D6F00347C29 /* CFApplicationPreferences.c */ = {isa = PBXFileReference; lastKnownFileType = sourcecode.c.c; path = CFApplicationPreferences.c; sourceTree = "<group>"; };
		BF60AE0A24722D6F00347C29 /* CFCharacterSet.h */ = {isa = PBXFileReference; lastKnownFileType = sourcecode.c.h; path = CFCharacterSet.h; sourceTree = "<group>"; };
		BF60AE0B24722D6F00347C29 /* CFBasicHashFindBucket.m */ = {isa = PBXFileReference; lastKnownFileType = sourcecode.c.objc; path = CFBasicHashFindBucket.m; sourceTree = "<group>"; };
		BF60AE0C24722D6F00347C29 /* CFStorage.h */ = {isa = PBXFileReference; lastKnownFileType = sourcecode.c.h; path = CFStorage.h; sourceTree = "<group>"; };
		BF60AE0D24722D6F00347C29 /* CFStringEncodingDatabase.c */ = {isa = PBXFileReference; lastKnownFileType = sourcecode.c.c; path = CFStringEncodingDatabase.c; sourceTree = "<group>"; };
		BF60AE0E24722D6F00347C29 /* CFSystemDirectories.c */ = {isa = PBXFileReference; lastKnownFileType = sourcecode.c.c; path = CFSystemDirectories.c; sourceTree = "<group>"; };
		BF60AE0F24722D6F00347C29 /* CFUnicodeData-B.mapping */ = {isa = PBXFileReference; lastKnownFileType = file; path = "CFUnicodeData-B.mapping"; sourceTree = "<group>"; };
		BF60AE1024722D6F00347C29 /* CFCalendar.c */ = {isa = PBXFileReference; lastKnownFileType = sourcecode.c.c; path = CFCalendar.c; sourceTree = "<group>"; };
		BF60AE1124722D6F00347C29 /* CFOldStylePList.c */ = {isa = PBXFileReference; lastKnownFileType = sourcecode.c.c; path = CFOldStylePList.c; sourceTree = "<group>"; };
		BF60AE1224722D6F00347C29 /* Makefile */ = {isa = PBXFileReference; lastKnownFileType = sourcecode.make; path = Makefile; sourceTree = "<group>"; };
		BF60AE1324722D6F00347C29 /* CFDateFormatter.h */ = {isa = PBXFileReference; lastKnownFileType = sourcecode.c.h; path = CFDateFormatter.h; sourceTree = "<group>"; };
		BF60AE1424722D6F00347C29 /* CFPlugIn_Factory.h */ = {isa = PBXFileReference; lastKnownFileType = sourcecode.c.h; path = CFPlugIn_Factory.h; sourceTree = "<group>"; };
		BF60AE1524722D6F00347C29 /* CFICUConverters.c */ = {isa = PBXFileReference; lastKnownFileType = sourcecode.c.c; path = CFICUConverters.c; sourceTree = "<group>"; };
		BF60AE1624722D6F00347C29 /* CFSet.c */ = {isa = PBXFileReference; lastKnownFileType = sourcecode.c.c; path = CFSet.c; sourceTree = "<group>"; };
		BF60AE1724722D6F00347C29 /* CFBase.c */ = {isa = PBXFileReference; lastKnownFileType = sourcecode.c.c; path = CFBase.c; sourceTree = "<group>"; };
		BF60AE1824722D6F00347C29 /* CFTree.h */ = {isa = PBXFileReference; lastKnownFileType = sourcecode.c.h; path = CFTree.h; sourceTree = "<group>"; };
		BF60AE1924722D6F00347C29 /* CFSortFunctions.c */ = {isa = PBXFileReference; lastKnownFileType = sourcecode.c.c; path = CFSortFunctions.c; sourceTree = "<group>"; };
		BF60AE1A24722D6F00347C29 /* CFBinaryHeap.c */ = {isa = PBXFileReference; lastKnownFileType = sourcecode.c.c; path = CFBinaryHeap.c; sourceTree = "<group>"; };
		BF60AE1B24722D6F00347C29 /* CFMessagePort.h */ = {isa = PBXFileReference; lastKnownFileType = sourcecode.c.h; path = CFMessagePort.h; sourceTree = "<group>"; };
		BF60AE1C24722D6F00347C29 /* CFUtilities.c */ = {isa = PBXFileReference; lastKnownFileType = sourcecode.c.c; path = CFUtilities.c; sourceTree = "<group>"; };
		BF60AE1D24722D6F00347C29 /* MakefileVersion */ = {isa = PBXFileReference; lastKnownFileType = text; path = MakefileVersion; sourceTree = "<group>"; };
		BF60AE1E24722D6F00347C29 /* CFUnicodePrecomposition.h */ = {isa = PBXFileReference; lastKnownFileType = sourcecode.c.h; path = CFUnicodePrecomposition.h; sourceTree = "<group>"; };
		BF60AE1F24722D6F00347C29 /* CFMachPort.h */ = {isa = PBXFileReference; lastKnownFileType = sourcecode.c.h; path = CFMachPort.h; sourceTree = "<group>"; };
		BF60AE2024722D6F00347C29 /* CFICULogging.h */ = {isa = PBXFileReference; lastKnownFileType = sourcecode.c.h; path = CFICULogging.h; sourceTree = "<group>"; };
		BF60AE2124722D6F00347C29 /* CFPlugInCOM.h */ = {isa = PBXFileReference; lastKnownFileType = sourcecode.c.h; path = CFPlugInCOM.h; sourceTree = "<group>"; };
		BF60AE2224722D6F00347C29 /* CFPlugIn.h */ = {isa = PBXFileReference; lastKnownFileType = sourcecode.c.h; path = CFPlugIn.h; sourceTree = "<group>"; };
		BF60AE2324722D6F00347C29 /* CFFileUtilities.c */ = {isa = PBXFileReference; lastKnownFileType = sourcecode.c.c; path = CFFileUtilities.c; sourceTree = "<group>"; };
		BF60AE2424722D6F00347C29 /* CFBundle_Locale.c */ = {isa = PBXFileReference; lastKnownFileType = sourcecode.c.c; path = CFBundle_Locale.c; sourceTree = "<group>"; };
		BF60AE2524722D6F00347C29 /* CFLocaleKeys.c */ = {isa = PBXFileReference; lastKnownFileType = sourcecode.c.c; path = CFLocaleKeys.c; sourceTree = "<group>"; };
		BF60AE2624722D6F00347C29 /* CFUnicodeDecomposition.h */ = {isa = PBXFileReference; lastKnownFileType = sourcecode.c.h; path = CFUnicodeDecomposition.h; sourceTree = "<group>"; };
		BF60AE2724722D6F00347C29 /* CFDate.h */ = {isa = PBXFileReference; lastKnownFileType = sourcecode.c.h; path = CFDate.h; sourceTree = "<group>"; };
		BF60AE2824722D6F00347C29 /* CFBundle_Strings.c */ = {isa = PBXFileReference; lastKnownFileType = sourcecode.c.c; path = CFBundle_Strings.c; sourceTree = "<group>"; };
		BF60AE2924722D6F00347C29 /* CFBurstTrie.h */ = {isa = PBXFileReference; lastKnownFileType = sourcecode.c.h; path = CFBurstTrie.h; sourceTree = "<group>"; };
		BF60AE2A24722D6F00347C29 /* CFStringEncodingConverter.h */ = {isa = PBXFileReference; lastKnownFileType = sourcecode.c.h; path = CFStringEncodingConverter.h; sourceTree = "<group>"; };
		BF60AE2B24722D6F00347C29 /* CFStreamInternal.h */ = {isa = PBXFileReference; lastKnownFileType = sourcecode.c.h; path = CFStreamInternal.h; sourceTree = "<group>"; };
		BF60AE2C24722D6F00347C29 /* CFStringEncodingConverterExt.h */ = {isa = PBXFileReference; lastKnownFileType = sourcecode.c.h; path = CFStringEncodingConverterExt.h; sourceTree = "<group>"; };
		BF60AE2D24722D6F00347C29 /* CFLocale.h */ = {isa = PBXFileReference; lastKnownFileType = sourcecode.c.h; path = CFLocale.h; sourceTree = "<group>"; };
		BF60AE2E24722D6F00347C29 /* CFData.h */ = {isa = PBXFileReference; lastKnownFileType = sourcecode.c.h; path = CFData.h; sourceTree = "<group>"; };
		BF60AE2F24722D6F00347C29 /* CFUniChar.c */ = {isa = PBXFileReference; lastKnownFileType = sourcecode.c.c; path = CFUniChar.c; sourceTree = "<group>"; };
		BF60AE3024722D6F00347C29 /* CFNumberFormatter.h */ = {isa = PBXFileReference; lastKnownFileType = sourcecode.c.h; path = CFNumberFormatter.h; sourceTree = "<group>"; };
		BF60AE3124722D6F00347C29 /* CFURLAccess.h */ = {isa = PBXFileReference; lastKnownFileType = sourcecode.c.h; path = CFURLAccess.h; sourceTree = "<group>"; };
		BF60AE3224722D6F00347C29 /* CFLocaleInternal.h */ = {isa = PBXFileReference; lastKnownFileType = sourcecode.c.h; path = CFLocaleInternal.h; sourceTree = "<group>"; };
		BF60AE3324722D6F00347C29 /* CFStreamPriv.h */ = {isa = PBXFileReference; lastKnownFileType = sourcecode.c.h; path = CFStreamPriv.h; sourceTree = "<group>"; };
		BF60AE3424722D6F00347C29 /* CFLogUtilities.h */ = {isa = PBXFileReference; lastKnownFileType = sourcecode.c.h; path = CFLogUtilities.h; sourceTree = "<group>"; };
		BF60AE3524722D6F00347C29 /* CFRuntime.c */ = {isa = PBXFileReference; lastKnownFileType = sourcecode.c.c; path = CFRuntime.c; sourceTree = "<group>"; };
		BF60AE3624722D6F00347C29 /* CFPreferences.c */ = {isa = PBXFileReference; lastKnownFileType = sourcecode.c.c; path = CFPreferences.c; sourceTree = "<group>"; };
		BF60AE3724722D6F00347C29 /* CFUserNotification.c */ = {isa = PBXFileReference; lastKnownFileType = sourcecode.c.c; path = CFUserNotification.c; sourceTree = "<group>"; };
		BF60AE3824722D6F00347C29 /* CFTimeZone.h */ = {isa = PBXFileReference; lastKnownFileType = sourcecode.c.h; path = CFTimeZone.h; sourceTree = "<group>"; };
		BF60AE3924722D6F00347C29 /* TargetConditionals.h */ = {isa = PBXFileReference; lastKnownFileType = sourcecode.c.h; path = TargetConditionals.h; sourceTree = "<group>"; };
		BF60AE3A24722D6F00347C29 /* CFXMLPreferencesDomain.c */ = {isa = PBXFileReference; lastKnownFileType = sourcecode.c.c; path = CFXMLPreferencesDomain.c; sourceTree = "<group>"; };
		BF60AE3B24722D6F00347C29 /* CFError.h */ = {isa = PBXFileReference; lastKnownFileType = sourcecode.c.h; path = CFError.h; sourceTree = "<group>"; };
		BF60AE3C24722D6F00347C29 /* CFNumber.h */ = {isa = PBXFileReference; lastKnownFileType = sourcecode.c.h; path = CFNumber.h; sourceTree = "<group>"; };
		BF60AE3D24722D6F00347C29 /* CFBundlePriv.h */ = {isa = PBXFileReference; lastKnownFileType = sourcecode.c.h; path = CFBundlePriv.h; sourceTree = "<group>"; };
		BF60AE3E24722D6F00347C29 /* README_CFLITE */ = {isa = PBXFileReference; lastKnownFileType = text; path = README_CFLITE; sourceTree = "<group>"; };
		BF60AE3F24722D6F00347C29 /* CFCharacterSetBitmaps.bitmap */ = {isa = PBXFileReference; lastKnownFileType = file; path = CFCharacterSetBitmaps.bitmap; sourceTree = "<group>"; };
		BF60AE4024722D6F00347C29 /* CFXMLInputStream.c */ = {isa = PBXFileReference; lastKnownFileType = sourcecode.c.c; path = CFXMLInputStream.c; sourceTree = "<group>"; };
		BF60AE4124722D7000347C29 /* CFBag.c */ = {isa = PBXFileReference; lastKnownFileType = sourcecode.c.c; path = CFBag.c; sourceTree = "<group>"; };
		BF60AE4224722D7000347C29 /* CFPropertyList.h */ = {isa = PBXFileReference; lastKnownFileType = sourcecode.c.h; path = CFPropertyList.h; sourceTree = "<group>"; };
		BF60AE4324722D7000347C29 /* CFBundle.c */ = {isa = PBXFileReference; lastKnownFileType = sourcecode.c.c; path = CFBundle.c; sourceTree = "<group>"; };
		BF60AE4424722D7000347C29 /* CFSocketStream.c */ = {isa = PBXFileReference; lastKnownFileType = sourcecode.c.c; path = CFSocketStream.c; sourceTree = "<group>"; };
		BF60AE4524722D7000347C29 /* CFBigNumber.c */ = {isa = PBXFileReference; lastKnownFileType = sourcecode.c.c; path = CFBigNumber.c; sourceTree = "<group>"; };
		BF60AE4624722D7000347C29 /* CFUUID.c */ = {isa = PBXFileReference; lastKnownFileType = sourcecode.c.c; path = CFUUID.c; sourceTree = "<group>"; };
		BF60AE4724722D7000347C29 /* PropertyList.dtd */ = {isa = PBXFileReference; lastKnownFileType = text.xml; path = PropertyList.dtd; sourceTree = "<group>"; };
		BF60AE4824722D7000347C29 /* CFBundle_Binary.c */ = {isa = PBXFileReference; lastKnownFileType = sourcecode.c.c; path = CFBundle_Binary.c; sourceTree = "<group>"; };
		BF60AE4924722D7000347C29 /* CFPlugIn_Instance.c */ = {isa = PBXFileReference; lastKnownFileType = sourcecode.c.c; path = CFPlugIn_Instance.c; sourceTree = "<group>"; };
		BF60AE4A24722D7000347C29 /* CFPriv.h */ = {isa = PBXFileReference; lastKnownFileType = sourcecode.c.h; path = CFPriv.h; sourceTree = "<group>"; };
		BF60AE4B24722D7000347C29 /* CFByteOrder.h */ = {isa = PBXFileReference; lastKnownFileType = sourcecode.c.h; path = CFByteOrder.h; sourceTree = "<group>"; };
		BF60AE4C24722D7000347C29 /* CFBuiltinConverters.c */ = {isa = PBXFileReference; lastKnownFileType = sourcecode.c.c; path = CFBuiltinConverters.c; sourceTree = "<group>"; };
		BF60AE4D24722D7000347C29 /* CFStorage.c */ = {isa = PBXFileReference; lastKnownFileType = sourcecode.c.c; path = CFStorage.c; sourceTree = "<group>"; };
		BF60AE4F24722D7000347C29 /* plconvert.c */ = {isa = PBXFileReference; lastKnownFileType = sourcecode.c.c; path = plconvert.c; sourceTree = "<group>"; };
		BF60AE5024722D7000347C29 /* CFCharacterSet.c */ = {isa = PBXFileReference; lastKnownFileType = sourcecode.c.c; path = CFCharacterSet.c; sourceTree = "<group>"; };
		BF60AE5124722D7000347C29 /* CFDictionary.c */ = {isa = PBXFileReference; lastKnownFileType = sourcecode.c.c; path = CFDictionary.c; sourceTree = "<group>"; };
		BF60AE5224722D7000347C29 /* CFSocket.h */ = {isa = PBXFileReference; lastKnownFileType = sourcecode.c.h; path = CFSocket.h; sourceTree = "<group>"; };
		BF60AE5324722D7000347C29 /* CFURL.h */ = {isa = PBXFileReference; lastKnownFileType = sourcecode.c.h; path = CFURL.h; sourceTree = "<group>"; };
		BF60AE5424722D7000347C29 /* CFInternal.h */ = {isa = PBXFileReference; lastKnownFileType = sourcecode.c.h; path = CFInternal.h; sourceTree = "<group>"; };
		BF60AE5524722D7000347C29 /* CFBitVector.h */ = {isa = PBXFileReference; lastKnownFileType = sourcecode.c.h; path = CFBitVector.h; sourceTree = "<group>"; };
		BF60AE5624722D7000347C29 /* CFXMLParser.h */ = {isa = PBXFileReference; lastKnownFileType = sourcecode.c.h; path = CFXMLParser.h; sourceTree = "<group>"; };
		BF60AE5724722D7000347C29 /* CFXMLTree.c */ = {isa = PBXFileReference; lastKnownFileType = sourcecode.c.c; path = CFXMLTree.c; sourceTree = "<group>"; };
		BF60AE5824722D7000347C29 /* CFRunLoop.h */ = {isa = PBXFileReference; lastKnownFileType = sourcecode.c.h; path = CFRunLoop.h; sourceTree = "<group>"; };
		BF60AE5924722D7000347C29 /* CFStream.c */ = {isa = PBXFileReference; lastKnownFileType = sourcecode.c.c; path = CFStream.c; sourceTree = "<group>"; };
		BF60AE5A24722D7000347C29 /* CFLocaleIdentifier.c */ = {isa = PBXFileReference; lastKnownFileType = sourcecode.c.c; path = CFLocaleIdentifier.c; sourceTree = "<group>"; };
		BF60AE5B24722D7000347C29 /* CFXMLNode.c */ = {isa = PBXFileReference; lastKnownFileType = sourcecode.c.c; path = CFXMLNode.c; sourceTree = "<group>"; };
		BF60AE5C24722D7000347C29 /* CFArray.c */ = {isa = PBXFileReference; lastKnownFileType = sourcecode.c.c; path = CFArray.c; sourceTree = "<group>"; };
		BF60AE5D24722D7000347C29 /* CFBasicHash.h */ = {isa = PBXFileReference; lastKnownFileType = sourcecode.c.h; path = CFBasicHash.h; sourceTree = "<group>"; };
		BF60AE5E24722D7000347C29 /* CFString.h */ = {isa = PBXFileReference; lastKnownFileType = sourcecode.c.h; path = CFString.h; sourceTree = "<group>"; };
		BF60AE5F24722D7000347C29 /* CFPlatform.c */ = {isa = PBXFileReference; lastKnownFileType = sourcecode.c.c; path = CFPlatform.c; sourceTree = "<group>"; };
		BF60AE6024722D7000347C29 /* CFStringScanner.c */ = {isa = PBXFileReference; lastKnownFileType = sourcecode.c.c; path = CFStringScanner.c; sourceTree = "<group>"; };
		BF60AE6124722D7000347C29 /* CFMachPort.c */ = {isa = PBXFileReference; lastKnownFileType = sourcecode.c.c; path = CFMachPort.c; sourceTree = "<group>"; };
		BF60AE6224722D7000347C29 /* CFUnicodePrecomposition.c */ = {isa = PBXFileReference; lastKnownFileType = sourcecode.c.c; path = CFUnicodePrecomposition.c; sourceTree = "<group>"; };
		BF60AE6324722D7000347C29 /* CFBinaryHeap.h */ = {isa = PBXFileReference; lastKnownFileType = sourcecode.c.h; path = CFBinaryHeap.h; sourceTree = "<group>"; };
		BF60AE6424722D7000347C29 /* CFMessagePort.c */ = {isa = PBXFileReference; lastKnownFileType = sourcecode.c.c; path = CFMessagePort.c; sourceTree = "<group>"; };
		BF60AE6524722D7000347C29 /* CFTree.c */ = {isa = PBXFileReference; lastKnownFileType = sourcecode.c.c; path = CFTree.c; sourceTree = "<group>"; };
		BF60AE6624722D7000347C29 /* CFBase.h */ = {isa = PBXFileReference; lastKnownFileType = sourcecode.c.h; path = CFBase.h; sourceTree = "<group>"; };
		BF60AE6724722D7000347C29 /* CFURLPriv.h */ = {isa = PBXFileReference; lastKnownFileType = sourcecode.c.h; path = CFURLPriv.h; sourceTree = "<group>"; };
		BF60AE6824722D7000347C29 /* CFSet.h */ = {isa = PBXFileReference; lastKnownFileType = sourcecode.c.h; path = CFSet.h; sourceTree = "<group>"; };
		BF60AE6924722D7000347C29 /* CFUnicodeData-L.mapping */ = {isa = PBXFileReference; lastKnownFileType = file; path = "CFUnicodeData-L.mapping"; sourceTree = "<group>"; };
		BF60AE6A24722D7000347C29 /* CFPlatformConverters.c */ = {isa = PBXFileReference; lastKnownFileType = sourcecode.c.c; path = CFPlatformConverters.c; sourceTree = "<group>"; };
		BF60AE6B24722D7000347C29 /* CFUtilities.h */ = {isa = PBXFileReference; lastKnownFileType = sourcecode.c.h; path = CFUtilities.h; sourceTree = "<group>"; };
		BF60AE6C24722D7000347C29 /* CFPlugIn_Factory.c */ = {isa = PBXFileReference; lastKnownFileType = sourcecode.c.c; path = CFPlugIn_Factory.c; sourceTree = "<group>"; };
		BF60AE6D24722D7000347C29 /* CFDateFormatter.c */ = {isa = PBXFileReference; lastKnownFileType = sourcecode.c.c; path = CFDateFormatter.c; sourceTree = "<group>"; };
		BF60AE6E24722D7000347C29 /* CFICUConverters.h */ = {isa = PBXFileReference; lastKnownFileType = sourcecode.c.h; path = CFICUConverters.h; sourceTree = "<group>"; };
		BF60AE6F24722D7000347C29 /* CFUniCharPropertyDatabase.data */ = {isa = PBXFileReference; lastKnownFileType = file; path = CFUniCharPropertyDatabase.data; sourceTree = "<group>"; };
		BF60AE7024722D7000347C29 /* MakefileLinux */ = {isa = PBXFileReference; lastKnownFileType = text; path = MakefileLinux; sourceTree = "<group>"; };
		BF60AE7124722D7000347C29 /* CFStringUtilities.c */ = {isa = PBXFileReference; lastKnownFileType = sourcecode.c.c; path = CFStringUtilities.c; sourceTree = "<group>"; };
		BF60AE7224722D7000347C29 /* CFStringEncodingDatabase.h */ = {isa = PBXFileReference; lastKnownFileType = sourcecode.c.h; path = CFStringEncodingDatabase.h; sourceTree = "<group>"; };
		BF60AE7324722D7000347C29 /* CFStringDefaultEncoding.h */ = {isa = PBXFileReference; lastKnownFileType = sourcecode.c.h; path = CFStringDefaultEncoding.h; sourceTree = "<group>"; };
		BF60AE7424722D7000347C29 /* CFCalendar.h */ = {isa = PBXFileReference; lastKnownFileType = sourcecode.c.h; path = CFCalendar.h; sourceTree = "<group>"; };
		BF60AE7524722D7000347C29 /* CFError_Private.h */ = {isa = PBXFileReference; lastKnownFileType = sourcecode.c.h; path = CFError_Private.h; sourceTree = "<group>"; };
		BF60AE7624722D7000347C29 /* CFWindowsUtilities.c */ = {isa = PBXFileReference; lastKnownFileType = sourcecode.c.c; path = CFWindowsUtilities.c; sourceTree = "<group>"; };
		BF60AE7724722D7000347C29 /* plconvert.c */ = {isa = PBXFileReference; lastKnownFileType = sourcecode.c.c; path = plconvert.c; sourceTree = "<group>"; };
		BF60AE7824722D7000347C29 /* CFURLAccess.c */ = {isa = PBXFileReference; lastKnownFileType = sourcecode.c.c; path = CFURLAccess.c; sourceTree = "<group>"; };
		BF60AE7924722D7000347C29 /* CFBundle_Grok.c */ = {isa = PBXFileReference; lastKnownFileType = sourcecode.c.c; path = CFBundle_Grok.c; sourceTree = "<group>"; };
		BF60AE7A24722D7000347C29 /* CFNumberFormatter.c */ = {isa = PBXFileReference; lastKnownFileType = sourcecode.c.c; path = CFNumberFormatter.c; sourceTree = "<group>"; };
		BF60AE7B24722D7000347C29 /* CFStringEncodings.c */ = {isa = PBXFileReference; lastKnownFileType = sourcecode.c.c; path = CFStringEncodings.c; sourceTree = "<group>"; };
		BF60AE7C24722D7000347C29 /* CFLocale.c */ = {isa = PBXFileReference; lastKnownFileType = sourcecode.c.c; path = CFLocale.c; sourceTree = "<group>"; };
		BF60AE7D24722D7000347C29 /* CFStringEncodingExt.h */ = {isa = PBXFileReference; lastKnownFileType = sourcecode.c.h; path = CFStringEncodingExt.h; sourceTree = "<group>"; };
		BF60AE7E24722D7000347C29 /* CFUniChar.h */ = {isa = PBXFileReference; lastKnownFileType = sourcecode.c.h; path = CFUniChar.h; sourceTree = "<group>"; };
		BF60AE7F24722D7000347C29 /* CFCharacterSetPriv.h */ = {isa = PBXFileReference; lastKnownFileType = sourcecode.c.h; path = CFCharacterSetPriv.h; sourceTree = "<group>"; };
		BF60AE8024722D7000347C29 /* Info.plist */ = {isa = PBXFileReference; lastKnownFileType = text.plist.xml; path = Info.plist; sourceTree = "<group>"; };
		BF60AE8124722D7000347C29 /* CFData.c */ = {isa = PBXFileReference; lastKnownFileType = sourcecode.c.c; path = CFData.c; sourceTree = "<group>"; };
		BF60AE8224722D7000347C29 /* CFStringEncodingConverter.c */ = {isa = PBXFileReference; lastKnownFileType = sourcecode.c.c; path = CFStringEncodingConverter.c; sourceTree = "<group>"; };
		BF60AE8324722D7000347C29 /* CFBurstTrie.c */ = {isa = PBXFileReference; lastKnownFileType = sourcecode.c.c; path = CFBurstTrie.c; sourceTree = "<group>"; };
		BF60AE8424722D7000347C29 /* CFDate.c */ = {isa = PBXFileReference; lastKnownFileType = sourcecode.c.c; path = CFDate.c; sourceTree = "<group>"; };
		BF60AE8524722D7000347C29 /* CFUnicodeDecomposition.c */ = {isa = PBXFileReference; lastKnownFileType = sourcecode.c.c; path = CFUnicodeDecomposition.c; sourceTree = "<group>"; };
		BF60AE8624722D7000347C29 /* CFPlugIn_PlugIn.c */ = {isa = PBXFileReference; lastKnownFileType = sourcecode.c.c; path = CFPlugIn_PlugIn.c; sourceTree = "<group>"; };
		BF60AE8724722D7000347C29 /* CFPlugIn.c */ = {isa = PBXFileReference; lastKnownFileType = sourcecode.c.c; path = CFPlugIn.c; sourceTree = "<group>"; };
		BF710B582474B9EC001E6284 /* MTTThread.h */ = {isa = PBXFileReference; lastKnownFileType = sourcecode.c.h; path = MTTThread.h; sourceTree = "<group>"; };
		BF710B592474B9EC001E6284 /* MTTThread.m */ = {isa = PBXFileReference; lastKnownFileType = sourcecode.c.objc; path = MTTThread.m; sourceTree = "<group>"; };
/* End PBXFileReference section */

/* Begin PBXFrameworksBuildPhase section */
		BF60AD0F24722BA300347C29 /* Frameworks */ = {
			isa = PBXFrameworksBuildPhase;
			buildActionMask = 2147483647;
			files = (
			);
			runOnlyForDeploymentPostprocessing = 0;
		};
/* End PBXFrameworksBuildPhase section */

/* Begin PBXGroup section */
		BF60AD0924722BA300347C29 = {
			isa = PBXGroup;
			children = (
				BF60AD1424722BA300347C29 /* RunLoopSourceCode */,
				BF60AD1324722BA300347C29 /* Products */,
			);
			sourceTree = "<group>";
		};
		BF60AD1324722BA300347C29 /* Products */ = {
			isa = PBXGroup;
			children = (
				BF60AD1224722BA300347C29 /* RunLoopSourceCode.app */,
			);
			name = Products;
			sourceTree = "<group>";
		};
		BF60AD1424722BA300347C29 /* RunLoopSourceCode */ = {
			isa = PBXGroup;
			children = (
				BF60ADDD24722D6F00347C29 /* CF-1151.16 */,
				BF60AD1524722BA300347C29 /* AppDelegate.h */,
				BF60AD1624722BA300347C29 /* AppDelegate.m */,
				BF60AD1824722BA300347C29 /* SceneDelegate.h */,
				BF60AD1924722BA300347C29 /* SceneDelegate.m */,
				BF60AD1B24722BA300347C29 /* ViewController.h */,
				BF60AD1C24722BA300347C29 /* ViewController.m */,
				BF60AD1E24722BA300347C29 /* Main.storyboard */,
				BF60AD2124722BA500347C29 /* Assets.xcassets */,
				BF60AD2324722BA500347C29 /* LaunchScreen.storyboard */,
				BF60AD2624722BA500347C29 /* Info.plist */,
				BF60AD2724722BA500347C29 /* main.m */,
				BF710B582474B9EC001E6284 /* MTTThread.h */,
				BF710B592474B9EC001E6284 /* MTTThread.m */,
			);
			path = RunLoopSourceCode;
			sourceTree = "<group>";
		};
		BF60ADDD24722D6F00347C29 /* CF-1151.16 */ = {
			isa = PBXGroup;
			children = (
				BF60AE0724722D6F00347C29 /* APPLE_LICENSE */,
				BF60ADDF24722D6F00347C29 /* CF-1151.16.xcodeproj */,
				BF60AE0924722D6F00347C29 /* CFApplicationPreferences.c */,
				BF60AE5C24722D7000347C29 /* CFArray.c */,
				BF60ADFD24722D6F00347C29 /* CFArray.h */,
				BF60ADF124722D6F00347C29 /* CFAvailability.h */,
				BF60AE4124722D7000347C29 /* CFBag.c */,
				BF60ADEB24722D6F00347C29 /* CFBag.h */,
				BF60AE1724722D6F00347C29 /* CFBase.c */,
				BF60AE6624722D7000347C29 /* CFBase.h */,
				BF60ADFC24722D6F00347C29 /* CFBasicHash.c */,
				BF60AE5D24722D7000347C29 /* CFBasicHash.h */,
				BF60AE0B24722D6F00347C29 /* CFBasicHashFindBucket.m */,
				BF60AE4524722D7000347C29 /* CFBigNumber.c */,
				BF60ADE424722D6F00347C29 /* CFBigNumber.h */,
				BF60AE1A24722D6F00347C29 /* CFBinaryHeap.c */,
				BF60AE6324722D7000347C29 /* CFBinaryHeap.h */,
				BF60ADF724722D6F00347C29 /* CFBinaryPList.c */,
				BF60AE0024722D6F00347C29 /* CFBitVector.c */,
				BF60AE5524722D7000347C29 /* CFBitVector.h */,
				BF60AE4C24722D7000347C29 /* CFBuiltinConverters.c */,
				BF60AE4824722D7000347C29 /* CFBundle_Binary.c */,
				BF60AE0424722D6F00347C29 /* CFBundle_BinaryTypes.h */,
				BF60AE7924722D7000347C29 /* CFBundle_Grok.c */,
				BF60ADFE24722D6F00347C29 /* CFBundle_InfoPlist.c */,
				BF60ADE824722D6F00347C29 /* CFBundle_Internal.h */,
				BF60AE2424722D6F00347C29 /* CFBundle_Locale.c */,
				BF60ADF924722D6F00347C29 /* CFBundle_Resources.c */,
				BF60AE2824722D6F00347C29 /* CFBundle_Strings.c */,
				BF60AE4324722D7000347C29 /* CFBundle.c */,
				BF60ADE324722D6F00347C29 /* CFBundle.h */,
				BF60AE3D24722D6F00347C29 /* CFBundlePriv.h */,
				BF60AE8324722D7000347C29 /* CFBurstTrie.c */,
				BF60AE2924722D6F00347C29 /* CFBurstTrie.h */,
				BF60AE4B24722D7000347C29 /* CFByteOrder.h */,
				BF60AE1024722D6F00347C29 /* CFCalendar.c */,
				BF60AE7424722D7000347C29 /* CFCalendar.h */,
				BF60AE5024722D7000347C29 /* CFCharacterSet.c */,
				BF60AE0A24722D6F00347C29 /* CFCharacterSet.h */,
				BF60AE3F24722D6F00347C29 /* CFCharacterSetBitmaps.bitmap */,
				BF60AE7F24722D7000347C29 /* CFCharacterSetPriv.h */,
				BF60ADEF24722D6F00347C29 /* CFConcreteStreams.c */,
				BF60AE8124722D7000347C29 /* CFData.c */,
				BF60AE2E24722D6F00347C29 /* CFData.h */,
				BF60AE8424722D7000347C29 /* CFDate.c */,
				BF60AE2724722D6F00347C29 /* CFDate.h */,
				BF60AE6D24722D7000347C29 /* CFDateFormatter.c */,
				BF60AE1324722D6F00347C29 /* CFDateFormatter.h */,
				BF60AE5124722D7000347C29 /* CFDictionary.c */,
				BF60AE0624722D6F00347C29 /* CFDictionary.h */,
				BF60AE7524722D7000347C29 /* CFError_Private.h */,
				BF60ADE724722D6F00347C29 /* CFError.c */,
				BF60AE3B24722D6F00347C29 /* CFError.h */,
				BF60AE2324722D6F00347C29 /* CFFileUtilities.c */,
				BF60AE1524722D6F00347C29 /* CFICUConverters.c */,
				BF60AE6E24722D7000347C29 /* CFICUConverters.h */,
				BF60AE2024722D6F00347C29 /* CFICULogging.h */,
				BF60AE5424722D7000347C29 /* CFInternal.h */,
				BF60AE7C24722D7000347C29 /* CFLocale.c */,
				BF60AE2D24722D6F00347C29 /* CFLocale.h */,
				BF60AE5A24722D7000347C29 /* CFLocaleIdentifier.c */,
				BF60AE3224722D6F00347C29 /* CFLocaleInternal.h */,
				BF60AE2524722D6F00347C29 /* CFLocaleKeys.c */,
				BF60AE3424722D6F00347C29 /* CFLogUtilities.h */,
				BF60AE6124722D7000347C29 /* CFMachPort.c */,
				BF60AE1F24722D6F00347C29 /* CFMachPort.h */,
				BF60AE6424722D7000347C29 /* CFMessagePort.c */,
				BF60AE1B24722D6F00347C29 /* CFMessagePort.h */,
				BF60ADE624722D6F00347C29 /* CFNumber.c */,
				BF60AE3C24722D6F00347C29 /* CFNumber.h */,
				BF60AE7A24722D7000347C29 /* CFNumberFormatter.c */,
				BF60AE3024722D6F00347C29 /* CFNumberFormatter.h */,
				BF60AE1124722D6F00347C29 /* CFOldStylePList.c */,
				BF60AE5F24722D7000347C29 /* CFPlatform.c */,
				BF60AE6A24722D7000347C29 /* CFPlatformConverters.c */,
				BF60AE6C24722D7000347C29 /* CFPlugIn_Factory.c */,
				BF60AE1424722D6F00347C29 /* CFPlugIn_Factory.h */,
				BF60AE4924722D7000347C29 /* CFPlugIn_Instance.c */,
				BF60AE8624722D7000347C29 /* CFPlugIn_PlugIn.c */,
				BF60AE8724722D7000347C29 /* CFPlugIn.c */,
				BF60AE2224722D6F00347C29 /* CFPlugIn.h */,
				BF60AE2124722D6F00347C29 /* CFPlugInCOM.h */,
				BF60AE3624722D6F00347C29 /* CFPreferences.c */,
				BF60ADEE24722D6F00347C29 /* CFPreferences.h */,
				BF60AE4A24722D7000347C29 /* CFPriv.h */,
				BF60ADEA24722D6F00347C29 /* CFPropertyList.c */,
				BF60AE4224722D7000347C29 /* CFPropertyList.h */,
				BF60AE0224722D6F00347C29 /* CFRunLoop.c */,
				BF60AE5824722D7000347C29 /* CFRunLoop.h */,
				BF60AE3524722D6F00347C29 /* CFRuntime.c */,
				BF60ADED24722D6F00347C29 /* CFRuntime.h */,
				BF60AE1624722D6F00347C29 /* CFSet.c */,
				BF60AE6824722D7000347C29 /* CFSet.h */,
				BF60AE0524722D6F00347C29 /* CFSocket.c */,
				BF60AE5224722D7000347C29 /* CFSocket.h */,
				BF60AE4424722D7000347C29 /* CFSocketStream.c */,
				BF60AE1924722D6F00347C29 /* CFSortFunctions.c */,
				BF60AE4D24722D7000347C29 /* CFStorage.c */,
				BF60AE0C24722D6F00347C29 /* CFStorage.h */,
				BF60AE5924722D7000347C29 /* CFStream.c */,
				BF60AE0124722D6F00347C29 /* CFStream.h */,
				BF60ADFA24722D6F00347C29 /* CFStreamAbstract.h */,
				BF60AE2B24722D6F00347C29 /* CFStreamInternal.h */,
				BF60AE3324722D6F00347C29 /* CFStreamPriv.h */,
				BF60ADFB24722D6F00347C29 /* CFString.c */,
				BF60AE5E24722D7000347C29 /* CFString.h */,
				BF60AE7324722D7000347C29 /* CFStringDefaultEncoding.h */,
				BF60AE8224722D7000347C29 /* CFStringEncodingConverter.c */,
				BF60AE2A24722D6F00347C29 /* CFStringEncodingConverter.h */,
				BF60AE2C24722D6F00347C29 /* CFStringEncodingConverterExt.h */,
				BF60ADEC24722D6F00347C29 /* CFStringEncodingConverterPriv.h */,
				BF60AE0D24722D6F00347C29 /* CFStringEncodingDatabase.c */,
				BF60AE7224722D7000347C29 /* CFStringEncodingDatabase.h */,
				BF60AE7D24722D7000347C29 /* CFStringEncodingExt.h */,
				BF60AE7B24722D7000347C29 /* CFStringEncodings.c */,
				BF60AE6024722D7000347C29 /* CFStringScanner.c */,
				BF60AE7124722D7000347C29 /* CFStringUtilities.c */,
				BF60AE0E24722D6F00347C29 /* CFSystemDirectories.c */,
				BF60ADF424722D6F00347C29 /* CFTimeZone.c */,
				BF60AE3824722D6F00347C29 /* CFTimeZone.h */,
				BF60AE6524722D7000347C29 /* CFTree.c */,
				BF60AE1824722D6F00347C29 /* CFTree.h */,
				BF60AE2F24722D6F00347C29 /* CFUniChar.c */,
				BF60AE7E24722D7000347C29 /* CFUniChar.h */,
				BF60ADE224722D6F00347C29 /* CFUniCharPriv.h */,
				BF60AE6F24722D7000347C29 /* CFUniCharPropertyDatabase.data */,
				BF60AE0F24722D6F00347C29 /* CFUnicodeData-B.mapping */,
				BF60AE6924722D7000347C29 /* CFUnicodeData-L.mapping */,
				BF60AE8524722D7000347C29 /* CFUnicodeDecomposition.c */,
				BF60AE2624722D6F00347C29 /* CFUnicodeDecomposition.h */,
				BF60AE6224722D7000347C29 /* CFUnicodePrecomposition.c */,
				BF60AE1E24722D6F00347C29 /* CFUnicodePrecomposition.h */,
				BF60AE0824722D6F00347C29 /* CFURL.c */,
				BF60AE5324722D7000347C29 /* CFURL.h */,
				BF60ADE924722D6F00347C29 /* CFURL.inc.h */,
				BF60AE7824722D7000347C29 /* CFURLAccess.c */,
				BF60AE3124722D6F00347C29 /* CFURLAccess.h */,
				BF60AE6724722D7000347C29 /* CFURLPriv.h */,
				BF60AE3724722D6F00347C29 /* CFUserNotification.c */,
				BF60ADF324722D6F00347C29 /* CFUserNotification.h */,
				BF60AE1C24722D6F00347C29 /* CFUtilities.c */,
				BF60AE6B24722D7000347C29 /* CFUtilities.h */,
				BF60AE4624722D7000347C29 /* CFUUID.c */,
				BF60ADDE24722D6F00347C29 /* CFUUID.h */,
				BF60ADF524722D6F00347C29 /* CFVersion.c */,
				BF60AE7624722D7000347C29 /* CFWindowsUtilities.c */,
				BF60AE4024722D6F00347C29 /* CFXMLInputStream.c */,
				BF60ADE524722D6F00347C29 /* CFXMLInputStream.h */,
				BF60AE5B24722D7000347C29 /* CFXMLNode.c */,
				BF60ADF824722D6F00347C29 /* CFXMLNode.h */,
				BF60ADFF24722D6F00347C29 /* CFXMLParser.c */,
				BF60AE5624722D7000347C29 /* CFXMLParser.h */,
				BF60AE3A24722D6F00347C29 /* CFXMLPreferencesDomain.c */,
				BF60AE5724722D7000347C29 /* CFXMLTree.c */,
				BF60ADF024722D6F00347C29 /* CoreFoundation_Prefix.h */,
				BF60AE0324722D6F00347C29 /* CoreFoundation.h */,
				BF60AE4E24722D7000347C29 /* Examples */,
				BF60ADF624722D6F00347C29 /* ForFoundationOnly.h */,
				BF60AE8024722D7000347C29 /* Info.plist */,
				BF60AE1224722D6F00347C29 /* Makefile */,
				BF60AE7024722D7000347C29 /* MakefileLinux */,
				BF60AE1D24722D6F00347C29 /* MakefileVersion */,
				BF60AE7724722D7000347C29 /* plconvert.c */,
				BF60AE4724722D7000347C29 /* PropertyList.dtd */,
				BF60AE3E24722D6F00347C29 /* README_CFLITE */,
				BF60ADF224722D6F00347C29 /* SymbolAliases */,
				BF60AE3924722D6F00347C29 /* TargetConditionals.h */,
			);
			name = "CF-1151.16";
			path = "../../../Downloads/CF-1151.16";
			sourceTree = "<group>";
		};
		BF60ADE024722D6F00347C29 /* Products */ = {
			isa = PBXGroup;
			children = (
			);
			name = Products;
			sourceTree = "<group>";
		};
		BF60AE4E24722D7000347C29 /* Examples */ = {
			isa = PBXGroup;
			children = (
				BF60AE4F24722D7000347C29 /* plconvert.c */,
			);
			path = Examples;
			sourceTree = "<group>";
		};
/* End PBXGroup section */

/* Begin PBXNativeTarget section */
		BF60AD1124722BA300347C29 /* RunLoopSourceCode */ = {
			isa = PBXNativeTarget;
			buildConfigurationList = BF60AD2B24722BA500347C29 /* Build configuration list for PBXNativeTarget "RunLoopSourceCode" */;
			buildPhases = (
				BF60AD0E24722BA300347C29 /* Sources */,
				BF60AD0F24722BA300347C29 /* Frameworks */,
				BF60AD1024722BA300347C29 /* Resources */,
			);
			buildRules = (
			);
			dependencies = (
			);
			name = RunLoopSourceCode;
			productName = RunLoopSourceCode;
			productReference = BF60AD1224722BA300347C29 /* RunLoopSourceCode.app */;
			productType = "com.apple.product-type.application";
		};
/* End PBXNativeTarget section */

/* Begin PBXProject section */
		BF60AD0A24722BA300347C29 /* Project object */ = {
			isa = PBXProject;
			attributes = {
				LastUpgradeCheck = 1140;
				ORGANIZATIONNAME = etiantian;
				TargetAttributes = {
					BF60AD1124722BA300347C29 = {
						CreatedOnToolsVersion = 11.4;
					};
				};
			};
			buildConfigurationList = BF60AD0D24722BA300347C29 /* Build configuration list for PBXProject "RunLoopSourceCode" */;
			compatibilityVersion = "Xcode 9.3";
			developmentRegion = en;
			hasScannedForEncodings = 0;
			knownRegions = (
				en,
				Base,
			);
			mainGroup = BF60AD0924722BA300347C29;
			productRefGroup = BF60AD1324722BA300347C29 /* Products */;
			projectDirPath = "";
			projectReferences = (
				{
					ProductGroup = BF60ADE024722D6F00347C29 /* Products */;
					ProjectRef = BF60ADDF24722D6F00347C29 /* CF-1151.16.xcodeproj */;
				},
			);
			projectRoot = "";
			targets = (
				BF60AD1124722BA300347C29 /* RunLoopSourceCode */,
			);
		};
/* End PBXProject section */

/* Begin PBXResourcesBuildPhase section */
		BF60AD1024722BA300347C29 /* Resources */ = {
			isa = PBXResourcesBuildPhase;
			buildActionMask = 2147483647;
			files = (
				BF60AD2524722BA500347C29 /* LaunchScreen.storyboard in Resources */,
				BF60AD2224722BA500347C29 /* Assets.xcassets in Resources */,
				BF60AD2024722BA300347C29 /* Main.storyboard in Resources */,
			);
			runOnlyForDeploymentPostprocessing = 0;
		};
/* End PBXResourcesBuildPhase section */

/* Begin PBXSourcesBuildPhase section */
		BF60AD0E24722BA300347C29 /* Sources */ = {
			isa = PBXSourcesBuildPhase;
			buildActionMask = 2147483647;
			files = (
				BF60AD1D24722BA300347C29 /* ViewController.m in Sources */,
				BF60AD1724722BA300347C29 /* AppDelegate.m in Sources */,
				BF60AD2824722BA500347C29 /* main.m in Sources */,
				BF60AD1A24722BA300347C29 /* SceneDelegate.m in Sources */,
				BF710B5A2474B9ED001E6284 /* MTTThread.m in Sources */,
			);
			runOnlyForDeploymentPostprocessing = 0;
		};
/* End PBXSourcesBuildPhase section */

/* Begin PBXVariantGroup section */
		BF60AD1E24722BA300347C29 /* Main.storyboard */ = {
			isa = PBXVariantGroup;
			children = (
				BF60AD1F24722BA300347C29 /* Base */,
			);
			name = Main.storyboard;
			sourceTree = "<group>";
		};
		BF60AD2324722BA500347C29 /* LaunchScreen.storyboard */ = {
			isa = PBXVariantGroup;
			children = (
				BF60AD2424722BA500347C29 /* Base */,
			);
			name = LaunchScreen.storyboard;
			sourceTree = "<group>";
		};
/* End PBXVariantGroup section */

/* Begin XCBuildConfiguration section */
		BF60AD2924722BA500347C29 /* Debug */ = {
			isa = XCBuildConfiguration;
			buildSettings = {
				ALWAYS_SEARCH_USER_PATHS = NO;
				CLANG_ANALYZER_NONNULL = YES;
				CLANG_ANALYZER_NUMBER_OBJECT_CONVERSION = YES_AGGRESSIVE;
				CLANG_CXX_LANGUAGE_STANDARD = "gnu++14";
				CLANG_CXX_LIBRARY = "libc++";
				CLANG_ENABLE_MODULES = YES;
				CLANG_ENABLE_OBJC_ARC = YES;
				CLANG_ENABLE_OBJC_WEAK = YES;
				CLANG_WARN_BLOCK_CAPTURE_AUTORELEASING = YES;
				CLANG_WARN_BOOL_CONVERSION = YES;
				CLANG_WARN_COMMA = YES;
				CLANG_WARN_CONSTANT_CONVERSION = YES;
				CLANG_WARN_DEPRECATED_OBJC_IMPLEMENTATIONS = YES;
				CLANG_WARN_DIRECT_OBJC_ISA_USAGE = YES_ERROR;
				CLANG_WARN_DOCUMENTATION_COMMENTS = YES;
				CLANG_WARN_EMPTY_BODY = YES;
				CLANG_WARN_ENUM_CONVERSION = YES;
				CLANG_WARN_INFINITE_RECURSION = YES;
				CLANG_WARN_INT_CONVERSION = YES;
				CLANG_WARN_NON_LITERAL_NULL_CONVERSION = YES;
				CLANG_WARN_OBJC_IMPLICIT_RETAIN_SELF = YES;
				CLANG_WARN_OBJC_LITERAL_CONVERSION = YES;
				CLANG_WARN_OBJC_ROOT_CLASS = YES_ERROR;
				CLANG_WARN_RANGE_LOOP_ANALYSIS = YES;
				CLANG_WARN_STRICT_PROTOTYPES = YES;
				CLANG_WARN_SUSPICIOUS_MOVE = YES;
				CLANG_WARN_UNGUARDED_AVAILABILITY = YES_AGGRESSIVE;
				CLANG_WARN_UNREACHABLE_CODE = YES;
				CLANG_WARN__DUPLICATE_METHOD_MATCH = YES;
				COPY_PHASE_STRIP = NO;
				DEBUG_INFORMATION_FORMAT = dwarf;
				ENABLE_STRICT_OBJC_MSGSEND = YES;
				ENABLE_TESTABILITY = YES;
				GCC_C_LANGUAGE_STANDARD = gnu11;
				GCC_DYNAMIC_NO_PIC = NO;
				GCC_NO_COMMON_BLOCKS = YES;
				GCC_OPTIMIZATION_LEVEL = 0;
				GCC_PREPROCESSOR_DEFINITIONS = (
					"DEBUG=1",
					"$(inherited)",
				);
				GCC_WARN_64_TO_32_BIT_CONVERSION = YES;
				GCC_WARN_ABOUT_RETURN_TYPE = YES_ERROR;
				GCC_WARN_UNDECLARED_SELECTOR = YES;
				GCC_WARN_UNINITIALIZED_AUTOS = YES_AGGRESSIVE;
				GCC_WARN_UNUSED_FUNCTION = YES;
				GCC_WARN_UNUSED_VARIABLE = YES;
				IPHONEOS_DEPLOYMENT_TARGET = 13.4;
				MTL_ENABLE_DEBUG_INFO = INCLUDE_SOURCE;
				MTL_FAST_MATH = YES;
				ONLY_ACTIVE_ARCH = YES;
				SDKROOT = iphoneos;
			};
			name = Debug;
		};
		BF60AD2A24722BA500347C29 /* Release */ = {
			isa = XCBuildConfiguration;
			buildSettings = {
				ALWAYS_SEARCH_USER_PATHS = NO;
				CLANG_ANALYZER_NONNULL = YES;
				CLANG_ANALYZER_NUMBER_OBJECT_CONVERSION = YES_AGGRESSIVE;
				CLANG_CXX_LANGUAGE_STANDARD = "gnu++14";
				CLANG_CXX_LIBRARY = "libc++";
				CLANG_ENABLE_MODULES = YES;
				CLANG_ENABLE_OBJC_ARC = YES;
				CLANG_ENABLE_OBJC_WEAK = YES;
				CLANG_WARN_BLOCK_CAPTURE_AUTORELEASING = YES;
				CLANG_WARN_BOOL_CONVERSION = YES;
				CLANG_WARN_COMMA = YES;
				CLANG_WARN_CONSTANT_CONVERSION = YES;
				CLANG_WARN_DEPRECATED_OBJC_IMPLEMENTATIONS = YES;
				CLANG_WARN_DIRECT_OBJC_ISA_USAGE = YES_ERROR;
				CLANG_WARN_DOCUMENTATION_COMMENTS = YES;
				CLANG_WARN_EMPTY_BODY = YES;
				CLANG_WARN_ENUM_CONVERSION = YES;
				CLANG_WARN_INFINITE_RECURSION = YES;
				CLANG_WARN_INT_CONVERSION = YES;
				CLANG_WARN_NON_LITERAL_NULL_CONVERSION = YES;
				CLANG_WARN_OBJC_IMPLICIT_RETAIN_SELF = YES;
				CLANG_WARN_OBJC_LITERAL_CONVERSION = YES;
				CLANG_WARN_OBJC_ROOT_CLASS = YES_ERROR;
				CLANG_WARN_RANGE_LOOP_ANALYSIS = YES;
				CLANG_WARN_STRICT_PROTOTYPES = YES;
				CLANG_WARN_SUSPICIOUS_MOVE = YES;
				CLANG_WARN_UNGUARDED_AVAILABILITY = YES_AGGRESSIVE;
				CLANG_WARN_UNREACHABLE_CODE = YES;
				CLANG_WARN__DUPLICATE_METHOD_MATCH = YES;
				COPY_PHASE_STRIP = NO;
				DEBUG_INFORMATION_FORMAT = "dwarf-with-dsym";
				ENABLE_NS_ASSERTIONS = NO;
				ENABLE_STRICT_OBJC_MSGSEND = YES;
				GCC_C_LANGUAGE_STANDARD = gnu11;
				GCC_NO_COMMON_BLOCKS = YES;
				GCC_WARN_64_TO_32_BIT_CONVERSION = YES;
				GCC_WARN_ABOUT_RETURN_TYPE = YES_ERROR;
				GCC_WARN_UNDECLARED_SELECTOR = YES;
				GCC_WARN_UNINITIALIZED_AUTOS = YES_AGGRESSIVE;
				GCC_WARN_UNUSED_FUNCTION = YES;
				GCC_WARN_UNUSED_VARIABLE = YES;
				IPHONEOS_DEPLOYMENT_TARGET = 13.4;
				MTL_ENABLE_DEBUG_INFO = NO;
				MTL_FAST_MATH = YES;
				SDKROOT = iphoneos;
				VALIDATE_PRODUCT = YES;
			};
			name = Release;
		};
		BF60AD2C24722BA500347C29 /* Debug */ = {
			isa = XCBuildConfiguration;
			buildSettings = {
				ASSETCATALOG_COMPILER_APPICON_NAME = AppIcon;
				CODE_SIGN_STYLE = Automatic;
				DEVELOPMENT_TEAM = 4XP6U9X87N;
				INFOPLIST_FILE = RunLoopSourceCode/Info.plist;
				IPHONEOS_DEPLOYMENT_TARGET = 13.0;
				LD_RUNPATH_SEARCH_PATHS = (
					"$(inherited)",
					"@executable_path/Frameworks",
				);
				PRODUCT_BUNDLE_IDENTIFIER = com.etiantian.RunLoopSourceCode;
				PRODUCT_NAME = "$(TARGET_NAME)";
				TARGETED_DEVICE_FAMILY = "1,2";
			};
			name = Debug;
		};
		BF60AD2D24722BA500347C29 /* Release */ = {
			isa = XCBuildConfiguration;
			buildSettings = {
				ASSETCATALOG_COMPILER_APPICON_NAME = AppIcon;
				CODE_SIGN_STYLE = Automatic;
				DEVELOPMENT_TEAM = 4XP6U9X87N;
				INFOPLIST_FILE = RunLoopSourceCode/Info.plist;
				IPHONEOS_DEPLOYMENT_TARGET = 13.0;
				LD_RUNPATH_SEARCH_PATHS = (
					"$(inherited)",
					"@executable_path/Frameworks",
				);
				PRODUCT_BUNDLE_IDENTIFIER = com.etiantian.RunLoopSourceCode;
				PRODUCT_NAME = "$(TARGET_NAME)";
				TARGETED_DEVICE_FAMILY = "1,2";
			};
			name = Release;
		};
/* End XCBuildConfiguration section */

/* Begin XCConfigurationList section */
		BF60AD0D24722BA300347C29 /* Build configuration list for PBXProject "RunLoopSourceCode" */ = {
			isa = XCConfigurationList;
			buildConfigurations = (
				BF60AD2924722BA500347C29 /* Debug */,
				BF60AD2A24722BA500347C29 /* Release */,
			);
			defaultConfigurationIsVisible = 0;
			defaultConfigurationName = Release;
		};
		BF60AD2B24722BA500347C29 /* Build configuration list for PBXNativeTarget "RunLoopSourceCode" */ = {
			isa = XCConfigurationList;
			buildConfigurations = (
				BF60AD2C24722BA500347C29 /* Debug */,
				BF60AD2D24722BA500347C29 /* Release */,
			);
			defaultConfigurationIsVisible = 0;
			defaultConfigurationName = Release;
		};
/* End XCConfigurationList section */
	};
	rootObject = BF60AD0A24722BA300347C29 /* Project object */;
}
