// !$*UTF8*$!
{
	archiveVersion = 1;
	classes = {
	};
	objectVersion = 50;
	objects = {

/* Begin PBXBuildFile section */
		6A034318262693610062A5D4 /* AppDelegate.swift in Sources */ = {isa = PBXBuildFile; fileRef = 6A034317262693610062A5D4 /* AppDelegate.swift */; };
		6A03431A262693610062A5D4 /* SceneDelegate.swift in Sources */ = {isa = PBXBuildFile; fileRef = 6A034319262693610062A5D4 /* SceneDelegate.swift */; };
		6A03431C262693610062A5D4 /* ViewController.swift in Sources */ = {isa = PBXBuildFile; fileRef = 6A03431B262693610062A5D4 /* ViewController.swift */; };
		6A03431F262693610062A5D4 /* Main.storyboard in Resources */ = {isa = PBXBuildFile; fileRef = 6A03431D262693610062A5D4 /* Main.storyboard */; };
		6A034321262693620062A5D4 /* Assets.xcassets in Resources */ = {isa = PBXBuildFile; fileRef = 6A034320262693620062A5D4 /* Assets.xcassets */; };
		6A034324262693620062A5D4 /* LaunchScreen.storyboard in Resources */ = {isa = PBXBuildFile; fileRef = 6A034322262693620062A5D4 /* LaunchScreen.storyboard */; };
/* End PBXBuildFile section */

/* Begin PBXFileReference section */
		6A034314262693610062A5D4 /* BuildNumberDemo.app */ = {isa = PBXFileReference; explicitFileType = wrapper.application; includeInIndex = 0; path = BuildNumberDemo.app; sourceTree = BUILT_PRODUCTS_DIR; };
		6A034317262693610062A5D4 /* AppDelegate.swift */ = {isa = PBXFileReference; lastKnownFileType = sourcecode.swift; path = AppDelegate.swift; sourceTree = "<group>"; };
		6A034319262693610062A5D4 /* SceneDelegate.swift */ = {isa = PBXFileReference; lastKnownFileType = sourcecode.swift; path = SceneDelegate.swift; sourceTree = "<group>"; };
		6A03431B262693610062A5D4 /* ViewController.swift */ = {isa = PBXFileReference; lastKnownFileType = sourcecode.swift; path = ViewController.swift; sourceTree = "<group>"; };
		6A03431E262693610062A5D4 /* Base */ = {isa = PBXFileReference; lastKnownFileType = file.storyboard; name = Base; path = Base.lproj/Main.storyboard; sourceTree = "<group>"; };
		6A034320262693620062A5D4 /* Assets.xcassets */ = {isa = PBXFileReference; lastKnownFileType = folder.assetcatalog; path = Assets.xcassets; sourceTree = "<group>"; };
		6A034323262693620062A5D4 /* Base */ = {isa = PBXFileReference; lastKnownFileType = file.storyboard; name = Base; path = Base.lproj/LaunchScreen.storyboard; sourceTree = "<group>"; };
		6A034325262693620062A5D4 /* Info.plist */ = {isa = PBXFileReference; lastKnownFileType = text.plist.xml; path = Info.plist; sourceTree = "<group>"; };
/* End PBXFileReference section */

/* Begin PBXFrameworksBuildPhase section */
		6A034311262693610062A5D4 /* Frameworks */ = {
			isa = PBXFrameworksBuildPhase;
			buildActionMask = 2147483647;
			files = (
			);
			runOnlyForDeploymentPostprocessing = 0;
		};
/* End PBXFrameworksBuildPhase section */

/* Begin PBXGroup section */
		6A03430B262693610062A5D4 = {
			isa = PBXGroup;
			children = (
				6A034316262693610062A5D4 /* BuildNumberDemo */,
				6A034315262693610062A5D4 /* Products */,
			);
			sourceTree = "<group>";
		};
		6A034315262693610062A5D4 /* Products */ = {
			isa = PBXGroup;
			children = (
				6A034314262693610062A5D4 /* BuildNumberDemo.app */,
			);
			name = Products;
			sourceTree = "<group>";
		};
		6A034316262693610062A5D4 /* BuildNumberDemo */ = {
			isa = PBXGroup;
			children = (
				6A034317262693610062A5D4 /* AppDelegate.swift */,
				6A034319262693610062A5D4 /* SceneDelegate.swift */,
				6A03431B262693610062A5D4 /* ViewController.swift */,
				6A03431D262693610062A5D4 /* Main.storyboard */,
				6A034320262693620062A5D4 /* Assets.xcassets */,
				6A034322262693620062A5D4 /* LaunchScreen.storyboard */,
				6A034325262693620062A5D4 /* Info.plist */,
			);
			path = BuildNumberDemo;
			sourceTree = "<group>";
		};
/* End PBXGroup section */

/* Begin PBXNativeTarget section */
		6A034313262693610062A5D4 /* BuildNumberDemo */ = {
			isa = PBXNativeTarget;
			buildConfigurationList = 6A034328262693620062A5D4 /* Build configuration list for PBXNativeTarget "BuildNumberDemo" */;
			buildPhases = (
				6A034310262693610062A5D4 /* Sources */,
				6A034311262693610062A5D4 /* Frameworks */,
				6A034312262693610062A5D4 /* Resources */,
				6A03432C262693690062A5D4 /* Build Number Auto Increase */,
			);
			buildRules = (
			);
			dependencies = (
			);
			name = BuildNumberDemo;
			productName = BuildNumberDemo;
			productReference = 6A034314262693610062A5D4 /* BuildNumberDemo.app */;
			productType = "com.apple.product-type.application";
		};
/* End PBXNativeTarget section */

/* Begin PBXProject section */
		6A03430C262693610062A5D4 /* Project object */ = {
			isa = PBXProject;
			attributes = {
				LastSwiftUpdateCheck = 1240;
				LastUpgradeCheck = 1240;
				TargetAttributes = {
					6A034313262693610062A5D4 = {
						CreatedOnToolsVersion = 12.4;
					};
				};
			};
			buildConfigurationList = 6A03430F262693610062A5D4 /* Build configuration list for PBXProject "BuildNumberDemo" */;
			compatibilityVersion = "Xcode 9.3";
			developmentRegion = en;
			hasScannedForEncodings = 0;
			knownRegions = (
				en,
				Base,
			);
			mainGroup = 6A03430B262693610062A5D4;
			productRefGroup = 6A034315262693610062A5D4 /* Products */;
			projectDirPath = "";
			projectRoot = "";
			targets = (
				6A034313262693610062A5D4 /* BuildNumberDemo */,
			);
		};
/* End PBXProject section */

/* Begin PBXResourcesBuildPhase section */
		6A034312262693610062A5D4 /* Resources */ = {
			isa = PBXResourcesBuildPhase;
			buildActionMask = 2147483647;
			files = (
				6A034324262693620062A5D4 /* LaunchScreen.storyboard in Resources */,
				6A034321262693620062A5D4 /* Assets.xcassets in Resources */,
				6A03431F262693610062A5D4 /* Main.storyboard in Resources */,
			);
			runOnlyForDeploymentPostprocessing = 0;
		};
/* End PBXResourcesBuildPhase section */

/* Begin PBXShellScriptBuildPhase section */
		6A03432C262693690062A5D4 /* Build Number Auto Increase */ = {
			isa = PBXShellScriptBuildPhase;
			buildActionMask = 2147483647;
			files = (
			);
			inputFileListPaths = (
			);
			inputPaths = (
			);
			name = "Build Number Auto Increase";
			outputFileListPaths = (
			);
			outputPaths = (
			);
			runOnlyForDeploymentPostprocessing = 0;
			shellPath = /bin/sh;
			shellScript = "# Type a script or drag a script file from your workspace to insert its path.\n#!/bin/sh\n# ************************************************\n#\n# ************************************************\n\n\n#\n# 每次编译后是否Build自动加1,\n# 可以修改该常量的值,以决定编译后还是打包后Build自动加1\n# #  0: 每次打包后Build自动加1  \n# #  1: 每次编译后Build自动加1  \nDEBUG_ENVIRONMENT_SYMBOL=0\n#\n#\n# 编译或打包环境的标志,默认为编译环境\nconfiguration_flag=\"Debug\"\n\n\nif [ $DEBUG_ENVIRONMENT_SYMBOL -eq 0 ]; then\n    configuration_flag=\"Release\"\nfi\n\n# 打印当前Xcode的环境配置\necho \"The current environment configuration for Xcode is: $CONFIGURATION\"\n\nif [ $configuration_flag == \"${CONFIGURATION}\" ]; then\n    echo \"The build version number needs to be increased.\"\n    \n    build_version=$(/usr/libexec/PlistBuddy -c \"Print :CFBundleVersion\" \"${INFOPLIST_FILE}\")\n    # 判断读取出来的build_version变量是否为 $(CURRENT_PROJECT_VERSION) :\n    # 若是,则从 CURRENT_PROJECT_VERSION 读取Build版本号,然后+1;\n    # 若不是,则读取出来的build_version变量即为Build版本号,直接+1;\n    if [ $build_version == '$(CURRENT_PROJECT_VERSION)' ]; then\n        build_version=${CURRENT_PROJECT_VERSION}\n    fi\n\n    build_version=$(($build_version + 1))\n    /usr/libexec/PlistBuddy -c \"Set :CFBundleVersion $build_version\" \"${INFOPLIST_FILE}\"\nelse\n    echo \"The build version number does not need to be increased.\"\nfi\n";
		};
/* End PBXShellScriptBuildPhase section */

/* Begin PBXSourcesBuildPhase section */
		6A034310262693610062A5D4 /* Sources */ = {
			isa = PBXSourcesBuildPhase;
			buildActionMask = 2147483647;
			files = (
				6A03431C262693610062A5D4 /* ViewController.swift in Sources */,
				6A034318262693610062A5D4 /* AppDelegate.swift in Sources */,
				6A03431A262693610062A5D4 /* SceneDelegate.swift in Sources */,
			);
			runOnlyForDeploymentPostprocessing = 0;
		};
/* End PBXSourcesBuildPhase section */

/* Begin PBXVariantGroup section */
		6A03431D262693610062A5D4 /* Main.storyboard */ = {
			isa = PBXVariantGroup;
			children = (
				6A03431E262693610062A5D4 /* Base */,
			);
			name = Main.storyboard;
			sourceTree = "<group>";
		};
		6A034322262693620062A5D4 /* LaunchScreen.storyboard */ = {
			isa = PBXVariantGroup;
			children = (
				6A034323262693620062A5D4 /* Base */,
			);
			name = LaunchScreen.storyboard;
			sourceTree = "<group>";
		};
/* End PBXVariantGroup section */

/* Begin XCBuildConfiguration section */
		6A034326262693620062A5D4 /* Debug */ = {
			isa = XCBuildConfiguration;
			buildSettings = {
				ALWAYS_SEARCH_USER_PATHS = NO;
				CLANG_ANALYZER_NONNULL = YES;
				CLANG_ANALYZER_NUMBER_OBJECT_CONVERSION = YES_AGGRESSIVE;
				CLANG_CXX_LANGUAGE_STANDARD = "gnu++14";
				CLANG_CXX_LIBRARY = "libc++";
				CLANG_ENABLE_MODULES = YES;
				CLANG_ENABLE_OBJC_ARC = YES;
				CLANG_ENABLE_OBJC_WEAK = YES;
				CLANG_WARN_BLOCK_CAPTURE_AUTORELEASING = YES;
				CLANG_WARN_BOOL_CONVERSION = YES;
				CLANG_WARN_COMMA = YES;
				CLANG_WARN_CONSTANT_CONVERSION = YES;
				CLANG_WARN_DEPRECATED_OBJC_IMPLEMENTATIONS = YES;
				CLANG_WARN_DIRECT_OBJC_ISA_USAGE = YES_ERROR;
				CLANG_WARN_DOCUMENTATION_COMMENTS = YES;
				CLANG_WARN_EMPTY_BODY = YES;
				CLANG_WARN_ENUM_CONVERSION = YES;
				CLANG_WARN_INFINITE_RECURSION = YES;
				CLANG_WARN_INT_CONVERSION = YES;
				CLANG_WARN_NON_LITERAL_NULL_CONVERSION = YES;
				CLANG_WARN_OBJC_IMPLICIT_RETAIN_SELF = YES;
				CLANG_WARN_OBJC_LITERAL_CONVERSION = YES;
				CLANG_WARN_OBJC_ROOT_CLASS = YES_ERROR;
				CLANG_WARN_QUOTED_INCLUDE_IN_FRAMEWORK_HEADER = YES;
				CLANG_WARN_RANGE_LOOP_ANALYSIS = YES;
				CLANG_WARN_STRICT_PROTOTYPES = YES;
				CLANG_WARN_SUSPICIOUS_MOVE = YES;
				CLANG_WARN_UNGUARDED_AVAILABILITY = YES_AGGRESSIVE;
				CLANG_WARN_UNREACHABLE_CODE = YES;
				CLANG_WARN__DUPLICATE_METHOD_MATCH = YES;
				COPY_PHASE_STRIP = NO;
				DEBUG_INFORMATION_FORMAT = dwarf;
				ENABLE_STRICT_OBJC_MSGSEND = YES;
				ENABLE_TESTABILITY = YES;
				GCC_C_LANGUAGE_STANDARD = gnu11;
				GCC_DYNAMIC_NO_PIC = NO;
				GCC_NO_COMMON_BLOCKS = YES;
				GCC_OPTIMIZATION_LEVEL = 0;
				GCC_PREPROCESSOR_DEFINITIONS = (
					"DEBUG=1",
					"$(inherited)",
				);
				GCC_WARN_64_TO_32_BIT_CONVERSION = YES;
				GCC_WARN_ABOUT_RETURN_TYPE = YES_ERROR;
				GCC_WARN_UNDECLARED_SELECTOR = YES;
				GCC_WARN_UNINITIALIZED_AUTOS = YES_AGGRESSIVE;
				GCC_WARN_UNUSED_FUNCTION = YES;
				GCC_WARN_UNUSED_VARIABLE = YES;
				IPHONEOS_DEPLOYMENT_TARGET = 14.4;
				MTL_ENABLE_DEBUG_INFO = INCLUDE_SOURCE;
				MTL_FAST_MATH = YES;
				ONLY_ACTIVE_ARCH = YES;
				SDKROOT = iphoneos;
				SWIFT_ACTIVE_COMPILATION_CONDITIONS = DEBUG;
				SWIFT_OPTIMIZATION_LEVEL = "-Onone";
			};
			name = Debug;
		};
		6A034327262693620062A5D4 /* Release */ = {
			isa = XCBuildConfiguration;
			buildSettings = {
				ALWAYS_SEARCH_USER_PATHS = NO;
				CLANG_ANALYZER_NONNULL = YES;
				CLANG_ANALYZER_NUMBER_OBJECT_CONVERSION = YES_AGGRESSIVE;
				CLANG_CXX_LANGUAGE_STANDARD = "gnu++14";
				CLANG_CXX_LIBRARY = "libc++";
				CLANG_ENABLE_MODULES = YES;
				CLANG_ENABLE_OBJC_ARC = YES;
				CLANG_ENABLE_OBJC_WEAK = YES;
				CLANG_WARN_BLOCK_CAPTURE_AUTORELEASING = YES;
				CLANG_WARN_BOOL_CONVERSION = YES;
				CLANG_WARN_COMMA = YES;
				CLANG_WARN_CONSTANT_CONVERSION = YES;
				CLANG_WARN_DEPRECATED_OBJC_IMPLEMENTATIONS = YES;
				CLANG_WARN_DIRECT_OBJC_ISA_USAGE = YES_ERROR;
				CLANG_WARN_DOCUMENTATION_COMMENTS = YES;
				CLANG_WARN_EMPTY_BODY = YES;
				CLANG_WARN_ENUM_CONVERSION = YES;
				CLANG_WARN_INFINITE_RECURSION = YES;
				CLANG_WARN_INT_CONVERSION = YES;
				CLANG_WARN_NON_LITERAL_NULL_CONVERSION = YES;
				CLANG_WARN_OBJC_IMPLICIT_RETAIN_SELF = YES;
				CLANG_WARN_OBJC_LITERAL_CONVERSION = YES;
				CLANG_WARN_OBJC_ROOT_CLASS = YES_ERROR;
				CLANG_WARN_QUOTED_INCLUDE_IN_FRAMEWORK_HEADER = YES;
				CLANG_WARN_RANGE_LOOP_ANALYSIS = YES;
				CLANG_WARN_STRICT_PROTOTYPES = YES;
				CLANG_WARN_SUSPICIOUS_MOVE = YES;
				CLANG_WARN_UNGUARDED_AVAILABILITY = YES_AGGRESSIVE;
				CLANG_WARN_UNREACHABLE_CODE = YES;
				CLANG_WARN__DUPLICATE_METHOD_MATCH = YES;
				COPY_PHASE_STRIP = NO;
				DEBUG_INFORMATION_FORMAT = "dwarf-with-dsym";
				ENABLE_NS_ASSERTIONS = NO;
				ENABLE_STRICT_OBJC_MSGSEND = YES;
				GCC_C_LANGUAGE_STANDARD = gnu11;
				GCC_NO_COMMON_BLOCKS = YES;
				GCC_WARN_64_TO_32_BIT_CONVERSION = YES;
				GCC_WARN_ABOUT_RETURN_TYPE = YES_ERROR;
				GCC_WARN_UNDECLARED_SELECTOR = YES;
				GCC_WARN_UNINITIALIZED_AUTOS = YES_AGGRESSIVE;
				GCC_WARN_UNUSED_FUNCTION = YES;
				GCC_WARN_UNUSED_VARIABLE = YES;
				IPHONEOS_DEPLOYMENT_TARGET = 14.4;
				MTL_ENABLE_DEBUG_INFO = NO;
				MTL_FAST_MATH = YES;
				SDKROOT = iphoneos;
				SWIFT_COMPILATION_MODE = wholemodule;
				SWIFT_OPTIMIZATION_LEVEL = "-O";
				VALIDATE_PRODUCT = YES;
			};
			name = Release;
		};
		6A034329262693620062A5D4 /* Debug */ = {
			isa = XCBuildConfiguration;
			buildSettings = {
				ASSETCATALOG_COMPILER_APPICON_NAME = AppIcon;
				ASSETCATALOG_COMPILER_GLOBAL_ACCENT_COLOR_NAME = AccentColor;
				CODE_SIGN_STYLE = Automatic;
				DEVELOPMENT_TEAM = 4XP6U9X87N;
				INFOPLIST_FILE = BuildNumberDemo/Info.plist;
				LD_RUNPATH_SEARCH_PATHS = (
					"$(inherited)",
					"@executable_path/Frameworks",
				);
				PRODUCT_BUNDLE_IDENTIFIER = com.etiantian.BuildNumberDemo;
				PRODUCT_NAME = "$(TARGET_NAME)";
				SWIFT_VERSION = 5.0;
				TARGETED_DEVICE_FAMILY = "1,2";
			};
			name = Debug;
		};
		6A03432A262693620062A5D4 /* Release */ = {
			isa = XCBuildConfiguration;
			buildSettings = {
				ASSETCATALOG_COMPILER_APPICON_NAME = AppIcon;
				ASSETCATALOG_COMPILER_GLOBAL_ACCENT_COLOR_NAME = AccentColor;
				CODE_SIGN_STYLE = Automatic;
				DEVELOPMENT_TEAM = 4XP6U9X87N;
				INFOPLIST_FILE = BuildNumberDemo/Info.plist;
				LD_RUNPATH_SEARCH_PATHS = (
					"$(inherited)",
					"@executable_path/Frameworks",
				);
				PRODUCT_BUNDLE_IDENTIFIER = com.etiantian.BuildNumberDemo;
				PRODUCT_NAME = "$(TARGET_NAME)";
				SWIFT_VERSION = 5.0;
				TARGETED_DEVICE_FAMILY = "1,2";
			};
			name = Release;
		};
/* End XCBuildConfiguration section */

/* Begin XCConfigurationList section */
		6A03430F262693610062A5D4 /* Build configuration list for PBXProject "BuildNumberDemo" */ = {
			isa = XCConfigurationList;
			buildConfigurations = (
				6A034326262693620062A5D4 /* Debug */,
				6A034327262693620062A5D4 /* Release */,
			);
			defaultConfigurationIsVisible = 0;
			defaultConfigurationName = Release;
		};
		6A034328262693620062A5D4 /* Build configuration list for PBXNativeTarget "BuildNumberDemo" */ = {
			isa = XCConfigurationList;
			buildConfigurations = (
				6A034329262693620062A5D4 /* Debug */,
				6A03432A262693620062A5D4 /* Release */,
			);
			defaultConfigurationIsVisible = 0;
			defaultConfigurationName = Release;
		};
/* End XCConfigurationList section */
	};
	rootObject = 6A03430C262693610062A5D4 /* Project object */;
}
