// !$*UTF8*$!
{
	archiveVersion = 1;
	classes = {
	};
	objectVersion = 50;
	objects = {

/* Begin PBXBuildFile section */
		BF492FD9247660E3000F9E78 /* AppDelegate.m in Sources */ = {isa = PBXBuildFile; fileRef = BF492FD8247660E3000F9E78 /* AppDelegate.m */; };
		BF492FDC247660E3000F9E78 /* SceneDelegate.m in Sources */ = {isa = PBXBuildFile; fileRef = BF492FDB247660E3000F9E78 /* SceneDelegate.m */; };
		BF492FDF247660E3000F9E78 /* ViewController.m in Sources */ = {isa = PBXBuildFile; fileRef = BF492FDE247660E3000F9E78 /* ViewController.m */; };
		BF492FE2247660E3000F9E78 /* Main.storyboard in Resources */ = {isa = PBXBuildFile; fileRef = BF492FE0247660E3000F9E78 /* Main.storyboard */; };
		BF492FE4247660E7000F9E78 /* Assets.xcassets in Resources */ = {isa = PBXBuildFile; fileRef = BF492FE3247660E7000F9E78 /* Assets.xcassets */; };
		BF492FE7247660E7000F9E78 /* LaunchScreen.storyboard in Resources */ = {isa = PBXBuildFile; fileRef = BF492FE5247660E7000F9E78 /* LaunchScreen.storyboard */; };
		BF492FEA247660E7000F9E78 /* main.m in Sources */ = {isa = PBXBuildFile; fileRef = BF492FE9247660E7000F9E78 /* main.m */; };
		BF492FF2247660F2000F9E78 /* Person.m in Sources */ = {isa = PBXBuildFile; fileRef = BF492FF1247660F2000F9E78 /* Person.m */; };
/* End PBXBuildFile section */

/* Begin PBXFileReference section */
		BF492FD4247660E3000F9E78 /* ClangRewriteDemo.app */ = {isa = PBXFileReference; explicitFileType = wrapper.application; includeInIndex = 0; path = ClangRewriteDemo.app; sourceTree = BUILT_PRODUCTS_DIR; };
		BF492FD7247660E3000F9E78 /* AppDelegate.h */ = {isa = PBXFileReference; lastKnownFileType = sourcecode.c.h; path = AppDelegate.h; sourceTree = "<group>"; };
		BF492FD8247660E3000F9E78 /* AppDelegate.m */ = {isa = PBXFileReference; lastKnownFileType = sourcecode.c.objc; path = AppDelegate.m; sourceTree = "<group>"; };
		BF492FDA247660E3000F9E78 /* SceneDelegate.h */ = {isa = PBXFileReference; lastKnownFileType = sourcecode.c.h; path = SceneDelegate.h; sourceTree = "<group>"; };
		BF492FDB247660E3000F9E78 /* SceneDelegate.m */ = {isa = PBXFileReference; lastKnownFileType = sourcecode.c.objc; path = SceneDelegate.m; sourceTree = "<group>"; };
		BF492FDD247660E3000F9E78 /* ViewController.h */ = {isa = PBXFileReference; lastKnownFileType = sourcecode.c.h; path = ViewController.h; sourceTree = "<group>"; };
		BF492FDE247660E3000F9E78 /* ViewController.m */ = {isa = PBXFileReference; lastKnownFileType = sourcecode.c.objc; path = ViewController.m; sourceTree = "<group>"; };
		BF492FE1247660E3000F9E78 /* Base */ = {isa = PBXFileReference; lastKnownFileType = file.storyboard; name = Base; path = Base.lproj/Main.storyboard; sourceTree = "<group>"; };
		BF492FE3247660E7000F9E78 /* Assets.xcassets */ = {isa = PBXFileReference; lastKnownFileType = folder.assetcatalog; path = Assets.xcassets; sourceTree = "<group>"; };
		BF492FE6247660E7000F9E78 /* Base */ = {isa = PBXFileReference; lastKnownFileType = file.storyboard; name = Base; path = Base.lproj/LaunchScreen.storyboard; sourceTree = "<group>"; };
		BF492FE8247660E7000F9E78 /* Info.plist */ = {isa = PBXFileReference; lastKnownFileType = text.plist.xml; path = Info.plist; sourceTree = "<group>"; };
		BF492FE9247660E7000F9E78 /* main.m */ = {isa = PBXFileReference; lastKnownFileType = sourcecode.c.objc; path = main.m; sourceTree = "<group>"; };
		BF492FF0247660F2000F9E78 /* Person.h */ = {isa = PBXFileReference; lastKnownFileType = sourcecode.c.h; path = Person.h; sourceTree = "<group>"; };
		BF492FF1247660F2000F9E78 /* Person.m */ = {isa = PBXFileReference; lastKnownFileType = sourcecode.c.objc; path = Person.m; sourceTree = "<group>"; };
/* End PBXFileReference section */

/* Begin PBXFrameworksBuildPhase section */
		BF492FD1247660E3000F9E78 /* Frameworks */ = {
			isa = PBXFrameworksBuildPhase;
			buildActionMask = 2147483647;
			files = (
			);
			runOnlyForDeploymentPostprocessing = 0;
		};
/* End PBXFrameworksBuildPhase section */

/* Begin PBXGroup section */
		BF492FCB247660E3000F9E78 = {
			isa = PBXGroup;
			children = (
				BF492FD6247660E3000F9E78 /* ClangRewriteDemo */,
				BF492FD5247660E3000F9E78 /* Products */,
			);
			sourceTree = "<group>";
		};
		BF492FD5247660E3000F9E78 /* Products */ = {
			isa = PBXGroup;
			children = (
				BF492FD4247660E3000F9E78 /* ClangRewriteDemo.app */,
			);
			name = Products;
			sourceTree = "<group>";
		};
		BF492FD6247660E3000F9E78 /* ClangRewriteDemo */ = {
			isa = PBXGroup;
			children = (
				BF492FD7247660E3000F9E78 /* AppDelegate.h */,
				BF492FD8247660E3000F9E78 /* AppDelegate.m */,
				BF492FF0247660F2000F9E78 /* Person.h */,
				BF492FF1247660F2000F9E78 /* Person.m */,
				BF492FDA247660E3000F9E78 /* SceneDelegate.h */,
				BF492FDB247660E3000F9E78 /* SceneDelegate.m */,
				BF492FDD247660E3000F9E78 /* ViewController.h */,
				BF492FDE247660E3000F9E78 /* ViewController.m */,
				BF492FE0247660E3000F9E78 /* Main.storyboard */,
				BF492FE3247660E7000F9E78 /* Assets.xcassets */,
				BF492FE5247660E7000F9E78 /* LaunchScreen.storyboard */,
				BF492FE8247660E7000F9E78 /* Info.plist */,
				BF492FE9247660E7000F9E78 /* main.m */,
			);
			path = ClangRewriteDemo;
			sourceTree = "<group>";
		};
/* End PBXGroup section */

/* Begin PBXNativeTarget section */
		BF492FD3247660E3000F9E78 /* ClangRewriteDemo */ = {
			isa = PBXNativeTarget;
			buildConfigurationList = BF492FED247660E7000F9E78 /* Build configuration list for PBXNativeTarget "ClangRewriteDemo" */;
			buildPhases = (
				BF492FD0247660E3000F9E78 /* Sources */,
				BF492FD1247660E3000F9E78 /* Frameworks */,
				BF492FD2247660E3000F9E78 /* Resources */,
			);
			buildRules = (
			);
			dependencies = (
			);
			name = ClangRewriteDemo;
			productName = ClangRewriteDemo;
			productReference = BF492FD4247660E3000F9E78 /* ClangRewriteDemo.app */;
			productType = "com.apple.product-type.application";
		};
/* End PBXNativeTarget section */

/* Begin PBXProject section */
		BF492FCC247660E3000F9E78 /* Project object */ = {
			isa = PBXProject;
			attributes = {
				LastUpgradeCheck = 1150;
				ORGANIZATIONNAME = etiantian;
				TargetAttributes = {
					BF492FD3247660E3000F9E78 = {
						CreatedOnToolsVersion = 11.5;
					};
				};
			};
			buildConfigurationList = BF492FCF247660E3000F9E78 /* Build configuration list for PBXProject "ClangRewriteDemo" */;
			compatibilityVersion = "Xcode 9.3";
			developmentRegion = en;
			hasScannedForEncodings = 0;
			knownRegions = (
				en,
				Base,
			);
			mainGroup = BF492FCB247660E3000F9E78;
			productRefGroup = BF492FD5247660E3000F9E78 /* Products */;
			projectDirPath = "";
			projectRoot = "";
			targets = (
				BF492FD3247660E3000F9E78 /* ClangRewriteDemo */,
			);
		};
/* End PBXProject section */

/* Begin PBXResourcesBuildPhase section */
		BF492FD2247660E3000F9E78 /* Resources */ = {
			isa = PBXResourcesBuildPhase;
			buildActionMask = 2147483647;
			files = (
				BF492FE7247660E7000F9E78 /* LaunchScreen.storyboard in Resources */,
				BF492FE4247660E7000F9E78 /* Assets.xcassets in Resources */,
				BF492FE2247660E3000F9E78 /* Main.storyboard in Resources */,
			);
			runOnlyForDeploymentPostprocessing = 0;
		};
/* End PBXResourcesBuildPhase section */

/* Begin PBXSourcesBuildPhase section */
		BF492FD0247660E3000F9E78 /* Sources */ = {
			isa = PBXSourcesBuildPhase;
			buildActionMask = 2147483647;
			files = (
				BF492FDF247660E3000F9E78 /* ViewController.m in Sources */,
				BF492FD9247660E3000F9E78 /* AppDelegate.m in Sources */,
				BF492FF2247660F2000F9E78 /* Person.m in Sources */,
				BF492FEA247660E7000F9E78 /* main.m in Sources */,
				BF492FDC247660E3000F9E78 /* SceneDelegate.m in Sources */,
			);
			runOnlyForDeploymentPostprocessing = 0;
		};
/* End PBXSourcesBuildPhase section */

/* Begin PBXVariantGroup section */
		BF492FE0247660E3000F9E78 /* Main.storyboard */ = {
			isa = PBXVariantGroup;
			children = (
				BF492FE1247660E3000F9E78 /* Base */,
			);
			name = Main.storyboard;
			sourceTree = "<group>";
		};
		BF492FE5247660E7000F9E78 /* LaunchScreen.storyboard */ = {
			isa = PBXVariantGroup;
			children = (
				BF492FE6247660E7000F9E78 /* Base */,
			);
			name = LaunchScreen.storyboard;
			sourceTree = "<group>";
		};
/* End PBXVariantGroup section */

/* Begin XCBuildConfiguration section */
		BF492FEB247660E7000F9E78 /* Debug */ = {
			isa = XCBuildConfiguration;
			buildSettings = {
				ALWAYS_SEARCH_USER_PATHS = NO;
				CLANG_ANALYZER_NONNULL = YES;
				CLANG_ANALYZER_NUMBER_OBJECT_CONVERSION = YES_AGGRESSIVE;
				CLANG_CXX_LANGUAGE_STANDARD = "gnu++14";
				CLANG_CXX_LIBRARY = "libc++";
				CLANG_ENABLE_MODULES = YES;
				CLANG_ENABLE_OBJC_ARC = YES;
				CLANG_ENABLE_OBJC_WEAK = YES;
				CLANG_WARN_BLOCK_CAPTURE_AUTORELEASING = YES;
				CLANG_WARN_BOOL_CONVERSION = YES;
				CLANG_WARN_COMMA = YES;
				CLANG_WARN_CONSTANT_CONVERSION = YES;
				CLANG_WARN_DEPRECATED_OBJC_IMPLEMENTATIONS = YES;
				CLANG_WARN_DIRECT_OBJC_ISA_USAGE = YES_ERROR;
				CLANG_WARN_DOCUMENTATION_COMMENTS = YES;
				CLANG_WARN_EMPTY_BODY = YES;
				CLANG_WARN_ENUM_CONVERSION = YES;
				CLANG_WARN_INFINITE_RECURSION = YES;
				CLANG_WARN_INT_CONVERSION = YES;
				CLANG_WARN_NON_LITERAL_NULL_CONVERSION = YES;
				CLANG_WARN_OBJC_IMPLICIT_RETAIN_SELF = YES;
				CLANG_WARN_OBJC_LITERAL_CONVERSION = YES;
				CLANG_WARN_OBJC_ROOT_CLASS = YES_ERROR;
				CLANG_WARN_RANGE_LOOP_ANALYSIS = YES;
				CLANG_WARN_STRICT_PROTOTYPES = YES;
				CLANG_WARN_SUSPICIOUS_MOVE = YES;
				CLANG_WARN_UNGUARDED_AVAILABILITY = YES_AGGRESSIVE;
				CLANG_WARN_UNREACHABLE_CODE = YES;
				CLANG_WARN__DUPLICATE_METHOD_MATCH = YES;
				COPY_PHASE_STRIP = NO;
				DEBUG_INFORMATION_FORMAT = dwarf;
				ENABLE_STRICT_OBJC_MSGSEND = YES;
				ENABLE_TESTABILITY = YES;
				GCC_C_LANGUAGE_STANDARD = gnu11;
				GCC_DYNAMIC_NO_PIC = NO;
				GCC_NO_COMMON_BLOCKS = YES;
				GCC_OPTIMIZATION_LEVEL = 0;
				GCC_PREPROCESSOR_DEFINITIONS = (
					"DEBUG=1",
					"$(inherited)",
				);
				GCC_WARN_64_TO_32_BIT_CONVERSION = YES;
				GCC_WARN_ABOUT_RETURN_TYPE = YES_ERROR;
				GCC_WARN_UNDECLARED_SELECTOR = YES;
				GCC_WARN_UNINITIALIZED_AUTOS = YES_AGGRESSIVE;
				GCC_WARN_UNUSED_FUNCTION = YES;
				GCC_WARN_UNUSED_VARIABLE = YES;
				IPHONEOS_DEPLOYMENT_TARGET = 13.5;
				MTL_ENABLE_DEBUG_INFO = INCLUDE_SOURCE;
				MTL_FAST_MATH = YES;
				ONLY_ACTIVE_ARCH = YES;
				SDKROOT = iphoneos;
			};
			name = Debug;
		};
		BF492FEC247660E7000F9E78 /* Release */ = {
			isa = XCBuildConfiguration;
			buildSettings = {
				ALWAYS_SEARCH_USER_PATHS = NO;
				CLANG_ANALYZER_NONNULL = YES;
				CLANG_ANALYZER_NUMBER_OBJECT_CONVERSION = YES_AGGRESSIVE;
				CLANG_CXX_LANGUAGE_STANDARD = "gnu++14";
				CLANG_CXX_LIBRARY = "libc++";
				CLANG_ENABLE_MODULES = YES;
				CLANG_ENABLE_OBJC_ARC = YES;
				CLANG_ENABLE_OBJC_WEAK = YES;
				CLANG_WARN_BLOCK_CAPTURE_AUTORELEASING = YES;
				CLANG_WARN_BOOL_CONVERSION = YES;
				CLANG_WARN_COMMA = YES;
				CLANG_WARN_CONSTANT_CONVERSION = YES;
				CLANG_WARN_DEPRECATED_OBJC_IMPLEMENTATIONS = YES;
				CLANG_WARN_DIRECT_OBJC_ISA_USAGE = YES_ERROR;
				CLANG_WARN_DOCUMENTATION_COMMENTS = YES;
				CLANG_WARN_EMPTY_BODY = YES;
				CLANG_WARN_ENUM_CONVERSION = YES;
				CLANG_WARN_INFINITE_RECURSION = YES;
				CLANG_WARN_INT_CONVERSION = YES;
				CLANG_WARN_NON_LITERAL_NULL_CONVERSION = YES;
				CLANG_WARN_OBJC_IMPLICIT_RETAIN_SELF = YES;
				CLANG_WARN_OBJC_LITERAL_CONVERSION = YES;
				CLANG_WARN_OBJC_ROOT_CLASS = YES_ERROR;
				CLANG_WARN_RANGE_LOOP_ANALYSIS = YES;
				CLANG_WARN_STRICT_PROTOTYPES = YES;
				CLANG_WARN_SUSPICIOUS_MOVE = YES;
				CLANG_WARN_UNGUARDED_AVAILABILITY = YES_AGGRESSIVE;
				CLANG_WARN_UNREACHABLE_CODE = YES;
				CLANG_WARN__DUPLICATE_METHOD_MATCH = YES;
				COPY_PHASE_STRIP = NO;
				DEBUG_INFORMATION_FORMAT = "dwarf-with-dsym";
				ENABLE_NS_ASSERTIONS = NO;
				ENABLE_STRICT_OBJC_MSGSEND = YES;
				GCC_C_LANGUAGE_STANDARD = gnu11;
				GCC_NO_COMMON_BLOCKS = YES;
				GCC_WARN_64_TO_32_BIT_CONVERSION = YES;
				GCC_WARN_ABOUT_RETURN_TYPE = YES_ERROR;
				GCC_WARN_UNDECLARED_SELECTOR = YES;
				GCC_WARN_UNINITIALIZED_AUTOS = YES_AGGRESSIVE;
				GCC_WARN_UNUSED_FUNCTION = YES;
				GCC_WARN_UNUSED_VARIABLE = YES;
				IPHONEOS_DEPLOYMENT_TARGET = 13.5;
				MTL_ENABLE_DEBUG_INFO = NO;
				MTL_FAST_MATH = YES;
				SDKROOT = iphoneos;
				VALIDATE_PRODUCT = YES;
			};
			name = Release;
		};
		BF492FEE247660E7000F9E78 /* Debug */ = {
			isa = XCBuildConfiguration;
			buildSettings = {
				ASSETCATALOG_COMPILER_APPICON_NAME = AppIcon;
				CODE_SIGN_STYLE = Automatic;
				DEVELOPMENT_TEAM = 4XP6U9X87N;
				INFOPLIST_FILE = ClangRewriteDemo/Info.plist;
				LD_RUNPATH_SEARCH_PATHS = (
					"$(inherited)",
					"@executable_path/Frameworks",
				);
				PRODUCT_BUNDLE_IDENTIFIER = com.etiantian.ClangRewriteDemo;
				PRODUCT_NAME = "$(TARGET_NAME)";
				TARGETED_DEVICE_FAMILY = "1,2";
			};
			name = Debug;
		};
		BF492FEF247660E7000F9E78 /* Release */ = {
			isa = XCBuildConfiguration;
			buildSettings = {
				ASSETCATALOG_COMPILER_APPICON_NAME = AppIcon;
				CODE_SIGN_STYLE = Automatic;
				DEVELOPMENT_TEAM = 4XP6U9X87N;
				INFOPLIST_FILE = ClangRewriteDemo/Info.plist;
				LD_RUNPATH_SEARCH_PATHS = (
					"$(inherited)",
					"@executable_path/Frameworks",
				);
				PRODUCT_BUNDLE_IDENTIFIER = com.etiantian.ClangRewriteDemo;
				PRODUCT_NAME = "$(TARGET_NAME)";
				TARGETED_DEVICE_FAMILY = "1,2";
			};
			name = Release;
		};
/* End XCBuildConfiguration section */

/* Begin XCConfigurationList section */
		BF492FCF247660E3000F9E78 /* Build configuration list for PBXProject "ClangRewriteDemo" */ = {
			isa = XCConfigurationList;
			buildConfigurations = (
				BF492FEB247660E7000F9E78 /* Debug */,
				BF492FEC247660E7000F9E78 /* Release */,
			);
			defaultConfigurationIsVisible = 0;
			defaultConfigurationName = Release;
		};
		BF492FED247660E7000F9E78 /* Build configuration list for PBXNativeTarget "ClangRewriteDemo" */ = {
			isa = XCConfigurationList;
			buildConfigurations = (
				BF492FEE247660E7000F9E78 /* Debug */,
				BF492FEF247660E7000F9E78 /* Release */,
			);
			defaultConfigurationIsVisible = 0;
			defaultConfigurationName = Release;
		};
/* End XCConfigurationList section */
	};
	rootObject = BF492FCC247660E3000F9E78 /* Project object */;
}
