// !$*UTF8*$!
{
	archiveVersion = 1;
	classes = {
	};
	objectVersion = 50;
	objects = {

/* Begin PBXBuildFile section */
		6AB5409C25F1C64E00CBAE93 /* AppDelegate.swift in Sources */ = {isa = PBXBuildFile; fileRef = 6AB5409B25F1C64E00CBAE93 /* AppDelegate.swift */; };
		6AB5409E25F1C64E00CBAE93 /* SceneDelegate.swift in Sources */ = {isa = PBXBuildFile; fileRef = 6AB5409D25F1C64E00CBAE93 /* SceneDelegate.swift */; };
		6AB540A025F1C64E00CBAE93 /* ViewController.swift in Sources */ = {isa = PBXBuildFile; fileRef = 6AB5409F25F1C64E00CBAE93 /* ViewController.swift */; };
		6AB540A325F1C64E00CBAE93 /* Main.storyboard in Resources */ = {isa = PBXBuildFile; fileRef = 6AB540A125F1C64E00CBAE93 /* Main.storyboard */; };
		6AB540A525F1C65000CBAE93 /* Assets.xcassets in Resources */ = {isa = PBXBuildFile; fileRef = 6AB540A425F1C65000CBAE93 /* Assets.xcassets */; };
		6AB540A825F1C65000CBAE93 /* LaunchScreen.storyboard in Resources */ = {isa = PBXBuildFile; fileRef = 6AB540A625F1C65000CBAE93 /* LaunchScreen.storyboard */; };
		6AB540B325F1C65000CBAE93 /* PackageDemoTests.swift in Sources */ = {isa = PBXBuildFile; fileRef = 6AB540B225F1C65000CBAE93 /* PackageDemoTests.swift */; };
		6AB540BE25F1C65000CBAE93 /* PackageDemoUITests.swift in Sources */ = {isa = PBXBuildFile; fileRef = 6AB540BD25F1C65000CBAE93 /* PackageDemoUITests.swift */; };
/* End PBXBuildFile section */

/* Begin PBXContainerItemProxy section */
		6AB540AF25F1C65000CBAE93 /* PBXContainerItemProxy */ = {
			isa = PBXContainerItemProxy;
			containerPortal = 6AB5409025F1C64E00CBAE93 /* Project object */;
			proxyType = 1;
			remoteGlobalIDString = 6AB5409725F1C64E00CBAE93;
			remoteInfo = PackageDemo;
		};
		6AB540BA25F1C65000CBAE93 /* PBXContainerItemProxy */ = {
			isa = PBXContainerItemProxy;
			containerPortal = 6AB5409025F1C64E00CBAE93 /* Project object */;
			proxyType = 1;
			remoteGlobalIDString = 6AB5409725F1C64E00CBAE93;
			remoteInfo = PackageDemo;
		};
/* End PBXContainerItemProxy section */

/* Begin PBXFileReference section */
		6AB5409825F1C64E00CBAE93 /* PackageDemo.app */ = {isa = PBXFileReference; explicitFileType = wrapper.application; includeInIndex = 0; path = PackageDemo.app; sourceTree = BUILT_PRODUCTS_DIR; };
		6AB5409B25F1C64E00CBAE93 /* AppDelegate.swift */ = {isa = PBXFileReference; lastKnownFileType = sourcecode.swift; path = AppDelegate.swift; sourceTree = "<group>"; };
		6AB5409D25F1C64E00CBAE93 /* SceneDelegate.swift */ = {isa = PBXFileReference; lastKnownFileType = sourcecode.swift; path = SceneDelegate.swift; sourceTree = "<group>"; };
		6AB5409F25F1C64E00CBAE93 /* ViewController.swift */ = {isa = PBXFileReference; lastKnownFileType = sourcecode.swift; path = ViewController.swift; sourceTree = "<group>"; };
		6AB540A225F1C64E00CBAE93 /* Base */ = {isa = PBXFileReference; lastKnownFileType = file.storyboard; name = Base; path = Base.lproj/Main.storyboard; sourceTree = "<group>"; };
		6AB540A425F1C65000CBAE93 /* Assets.xcassets */ = {isa = PBXFileReference; lastKnownFileType = folder.assetcatalog; path = Assets.xcassets; sourceTree = "<group>"; };
		6AB540A725F1C65000CBAE93 /* Base */ = {isa = PBXFileReference; lastKnownFileType = file.storyboard; name = Base; path = Base.lproj/LaunchScreen.storyboard; sourceTree = "<group>"; };
		6AB540A925F1C65000CBAE93 /* Info.plist */ = {isa = PBXFileReference; lastKnownFileType = text.plist.xml; path = Info.plist; sourceTree = "<group>"; };
		6AB540AE25F1C65000CBAE93 /* PackageDemoTests.xctest */ = {isa = PBXFileReference; explicitFileType = wrapper.cfbundle; includeInIndex = 0; path = PackageDemoTests.xctest; sourceTree = BUILT_PRODUCTS_DIR; };
		6AB540B225F1C65000CBAE93 /* PackageDemoTests.swift */ = {isa = PBXFileReference; lastKnownFileType = sourcecode.swift; path = PackageDemoTests.swift; sourceTree = "<group>"; };
		6AB540B425F1C65000CBAE93 /* Info.plist */ = {isa = PBXFileReference; lastKnownFileType = text.plist.xml; path = Info.plist; sourceTree = "<group>"; };
		6AB540B925F1C65000CBAE93 /* PackageDemoUITests.xctest */ = {isa = PBXFileReference; explicitFileType = wrapper.cfbundle; includeInIndex = 0; path = PackageDemoUITests.xctest; sourceTree = BUILT_PRODUCTS_DIR; };
		6AB540BD25F1C65000CBAE93 /* PackageDemoUITests.swift */ = {isa = PBXFileReference; lastKnownFileType = sourcecode.swift; path = PackageDemoUITests.swift; sourceTree = "<group>"; };
		6AB540BF25F1C65000CBAE93 /* Info.plist */ = {isa = PBXFileReference; lastKnownFileType = text.plist.xml; path = Info.plist; sourceTree = "<group>"; };
/* End PBXFileReference section */

/* Begin PBXFrameworksBuildPhase section */
		6AB5409525F1C64E00CBAE93 /* Frameworks */ = {
			isa = PBXFrameworksBuildPhase;
			buildActionMask = 2147483647;
			files = (
			);
			runOnlyForDeploymentPostprocessing = 0;
		};
		6AB540AB25F1C65000CBAE93 /* Frameworks */ = {
			isa = PBXFrameworksBuildPhase;
			buildActionMask = 2147483647;
			files = (
			);
			runOnlyForDeploymentPostprocessing = 0;
		};
		6AB540B625F1C65000CBAE93 /* Frameworks */ = {
			isa = PBXFrameworksBuildPhase;
			buildActionMask = 2147483647;
			files = (
			);
			runOnlyForDeploymentPostprocessing = 0;
		};
/* End PBXFrameworksBuildPhase section */

/* Begin PBXGroup section */
		6AB5408F25F1C64E00CBAE93 = {
			isa = PBXGroup;
			children = (
				6AB5409A25F1C64E00CBAE93 /* PackageDemo */,
				6AB540B125F1C65000CBAE93 /* PackageDemoTests */,
				6AB540BC25F1C65000CBAE93 /* PackageDemoUITests */,
				6AB5409925F1C64E00CBAE93 /* Products */,
			);
			sourceTree = "<group>";
		};
		6AB5409925F1C64E00CBAE93 /* Products */ = {
			isa = PBXGroup;
			children = (
				6AB5409825F1C64E00CBAE93 /* PackageDemo.app */,
				6AB540AE25F1C65000CBAE93 /* PackageDemoTests.xctest */,
				6AB540B925F1C65000CBAE93 /* PackageDemoUITests.xctest */,
			);
			name = Products;
			sourceTree = "<group>";
		};
		6AB5409A25F1C64E00CBAE93 /* PackageDemo */ = {
			isa = PBXGroup;
			children = (
				6AB5409B25F1C64E00CBAE93 /* AppDelegate.swift */,
				6AB5409D25F1C64E00CBAE93 /* SceneDelegate.swift */,
				6AB5409F25F1C64E00CBAE93 /* ViewController.swift */,
				6AB540A125F1C64E00CBAE93 /* Main.storyboard */,
				6AB540A425F1C65000CBAE93 /* Assets.xcassets */,
				6AB540A625F1C65000CBAE93 /* LaunchScreen.storyboard */,
				6AB540A925F1C65000CBAE93 /* Info.plist */,
			);
			path = PackageDemo;
			sourceTree = "<group>";
		};
		6AB540B125F1C65000CBAE93 /* PackageDemoTests */ = {
			isa = PBXGroup;
			children = (
				6AB540B225F1C65000CBAE93 /* PackageDemoTests.swift */,
				6AB540B425F1C65000CBAE93 /* Info.plist */,
			);
			path = PackageDemoTests;
			sourceTree = "<group>";
		};
		6AB540BC25F1C65000CBAE93 /* PackageDemoUITests */ = {
			isa = PBXGroup;
			children = (
				6AB540BD25F1C65000CBAE93 /* PackageDemoUITests.swift */,
				6AB540BF25F1C65000CBAE93 /* Info.plist */,
			);
			path = PackageDemoUITests;
			sourceTree = "<group>";
		};
/* End PBXGroup section */

/* Begin PBXNativeTarget section */
		6AB5409725F1C64E00CBAE93 /* PackageDemo */ = {
			isa = PBXNativeTarget;
			buildConfigurationList = 6AB540C225F1C65000CBAE93 /* Build configuration list for PBXNativeTarget "PackageDemo" */;
			buildPhases = (
				6AB5409425F1C64E00CBAE93 /* Sources */,
				6AB5409525F1C64E00CBAE93 /* Frameworks */,
				6AB5409625F1C64E00CBAE93 /* Resources */,
			);
			buildRules = (
			);
			dependencies = (
			);
			name = PackageDemo;
			packageProductDependencies = (
			);
			productName = PackageDemo;
			productReference = 6AB5409825F1C64E00CBAE93 /* PackageDemo.app */;
			productType = "com.apple.product-type.application";
		};
		6AB540AD25F1C65000CBAE93 /* PackageDemoTests */ = {
			isa = PBXNativeTarget;
			buildConfigurationList = 6AB540C525F1C65000CBAE93 /* Build configuration list for PBXNativeTarget "PackageDemoTests" */;
			buildPhases = (
				6AB540AA25F1C65000CBAE93 /* Sources */,
				6AB540AB25F1C65000CBAE93 /* Frameworks */,
				6AB540AC25F1C65000CBAE93 /* Resources */,
			);
			buildRules = (
			);
			dependencies = (
				6AB540B025F1C65000CBAE93 /* PBXTargetDependency */,
			);
			name = PackageDemoTests;
			productName = PackageDemoTests;
			productReference = 6AB540AE25F1C65000CBAE93 /* PackageDemoTests.xctest */;
			productType = "com.apple.product-type.bundle.unit-test";
		};
		6AB540B825F1C65000CBAE93 /* PackageDemoUITests */ = {
			isa = PBXNativeTarget;
			buildConfigurationList = 6AB540C825F1C65000CBAE93 /* Build configuration list for PBXNativeTarget "PackageDemoUITests" */;
			buildPhases = (
				6AB540B525F1C65000CBAE93 /* Sources */,
				6AB540B625F1C65000CBAE93 /* Frameworks */,
				6AB540B725F1C65000CBAE93 /* Resources */,
			);
			buildRules = (
			);
			dependencies = (
				6AB540BB25F1C65000CBAE93 /* PBXTargetDependency */,
			);
			name = PackageDemoUITests;
			productName = PackageDemoUITests;
			productReference = 6AB540B925F1C65000CBAE93 /* PackageDemoUITests.xctest */;
			productType = "com.apple.product-type.bundle.ui-testing";
		};
/* End PBXNativeTarget section */

/* Begin PBXProject section */
		6AB5409025F1C64E00CBAE93 /* Project object */ = {
			isa = PBXProject;
			attributes = {
				LastSwiftUpdateCheck = 1240;
				LastUpgradeCheck = 1240;
				TargetAttributes = {
					6AB5409725F1C64E00CBAE93 = {
						CreatedOnToolsVersion = 12.4;
					};
					6AB540AD25F1C65000CBAE93 = {
						CreatedOnToolsVersion = 12.4;
						TestTargetID = 6AB5409725F1C64E00CBAE93;
					};
					6AB540B825F1C65000CBAE93 = {
						CreatedOnToolsVersion = 12.4;
						TestTargetID = 6AB5409725F1C64E00CBAE93;
					};
				};
			};
			buildConfigurationList = 6AB5409325F1C64E00CBAE93 /* Build configuration list for PBXProject "PackageDemo" */;
			compatibilityVersion = "Xcode 9.3";
			developmentRegion = en;
			hasScannedForEncodings = 0;
			knownRegions = (
				en,
				Base,
			);
			mainGroup = 6AB5408F25F1C64E00CBAE93;
			packageReferences = (
			);
			productRefGroup = 6AB5409925F1C64E00CBAE93 /* Products */;
			projectDirPath = "";
			projectRoot = "";
			targets = (
				6AB5409725F1C64E00CBAE93 /* PackageDemo */,
				6AB540AD25F1C65000CBAE93 /* PackageDemoTests */,
				6AB540B825F1C65000CBAE93 /* PackageDemoUITests */,
			);
		};
/* End PBXProject section */

/* Begin PBXResourcesBuildPhase section */
		6AB5409625F1C64E00CBAE93 /* Resources */ = {
			isa = PBXResourcesBuildPhase;
			buildActionMask = 2147483647;
			files = (
				6AB540A825F1C65000CBAE93 /* LaunchScreen.storyboard in Resources */,
				6AB540A525F1C65000CBAE93 /* Assets.xcassets in Resources */,
				6AB540A325F1C64E00CBAE93 /* Main.storyboard in Resources */,
			);
			runOnlyForDeploymentPostprocessing = 0;
		};
		6AB540AC25F1C65000CBAE93 /* Resources */ = {
			isa = PBXResourcesBuildPhase;
			buildActionMask = 2147483647;
			files = (
			);
			runOnlyForDeploymentPostprocessing = 0;
		};
		6AB540B725F1C65000CBAE93 /* Resources */ = {
			isa = PBXResourcesBuildPhase;
			buildActionMask = 2147483647;
			files = (
			);
			runOnlyForDeploymentPostprocessing = 0;
		};
/* End PBXResourcesBuildPhase section */

/* Begin PBXSourcesBuildPhase section */
		6AB5409425F1C64E00CBAE93 /* Sources */ = {
			isa = PBXSourcesBuildPhase;
			buildActionMask = 2147483647;
			files = (
				6AB540A025F1C64E00CBAE93 /* ViewController.swift in Sources */,
				6AB5409C25F1C64E00CBAE93 /* AppDelegate.swift in Sources */,
				6AB5409E25F1C64E00CBAE93 /* SceneDelegate.swift in Sources */,
			);
			runOnlyForDeploymentPostprocessing = 0;
		};
		6AB540AA25F1C65000CBAE93 /* Sources */ = {
			isa = PBXSourcesBuildPhase;
			buildActionMask = 2147483647;
			files = (
				6AB540B325F1C65000CBAE93 /* PackageDemoTests.swift in Sources */,
			);
			runOnlyForDeploymentPostprocessing = 0;
		};
		6AB540B525F1C65000CBAE93 /* Sources */ = {
			isa = PBXSourcesBuildPhase;
			buildActionMask = 2147483647;
			files = (
				6AB540BE25F1C65000CBAE93 /* PackageDemoUITests.swift in Sources */,
			);
			runOnlyForDeploymentPostprocessing = 0;
		};
/* End PBXSourcesBuildPhase section */

/* Begin PBXTargetDependency section */
		6AB540B025F1C65000CBAE93 /* PBXTargetDependency */ = {
			isa = PBXTargetDependency;
			target = 6AB5409725F1C64E00CBAE93 /* PackageDemo */;
			targetProxy = 6AB540AF25F1C65000CBAE93 /* PBXContainerItemProxy */;
		};
		6AB540BB25F1C65000CBAE93 /* PBXTargetDependency */ = {
			isa = PBXTargetDependency;
			target = 6AB5409725F1C64E00CBAE93 /* PackageDemo */;
			targetProxy = 6AB540BA25F1C65000CBAE93 /* PBXContainerItemProxy */;
		};
/* End PBXTargetDependency section */

/* Begin PBXVariantGroup section */
		6AB540A125F1C64E00CBAE93 /* Main.storyboard */ = {
			isa = PBXVariantGroup;
			children = (
				6AB540A225F1C64E00CBAE93 /* Base */,
			);
			name = Main.storyboard;
			sourceTree = "<group>";
		};
		6AB540A625F1C65000CBAE93 /* LaunchScreen.storyboard */ = {
			isa = PBXVariantGroup;
			children = (
				6AB540A725F1C65000CBAE93 /* Base */,
			);
			name = LaunchScreen.storyboard;
			sourceTree = "<group>";
		};
/* End PBXVariantGroup section */

/* Begin XCBuildConfiguration section */
		6AB540C025F1C65000CBAE93 /* Debug */ = {
			isa = XCBuildConfiguration;
			buildSettings = {
				ALWAYS_SEARCH_USER_PATHS = NO;
				CLANG_ANALYZER_NONNULL = YES;
				CLANG_ANALYZER_NUMBER_OBJECT_CONVERSION = YES_AGGRESSIVE;
				CLANG_CXX_LANGUAGE_STANDARD = "gnu++14";
				CLANG_CXX_LIBRARY = "libc++";
				CLANG_ENABLE_MODULES = YES;
				CLANG_ENABLE_OBJC_ARC = YES;
				CLANG_ENABLE_OBJC_WEAK = YES;
				CLANG_WARN_BLOCK_CAPTURE_AUTORELEASING = YES;
				CLANG_WARN_BOOL_CONVERSION = YES;
				CLANG_WARN_COMMA = YES;
				CLANG_WARN_CONSTANT_CONVERSION = YES;
				CLANG_WARN_DEPRECATED_OBJC_IMPLEMENTATIONS = YES;
				CLANG_WARN_DIRECT_OBJC_ISA_USAGE = YES_ERROR;
				CLANG_WARN_DOCUMENTATION_COMMENTS = YES;
				CLANG_WARN_EMPTY_BODY = YES;
				CLANG_WARN_ENUM_CONVERSION = YES;
				CLANG_WARN_INFINITE_RECURSION = YES;
				CLANG_WARN_INT_CONVERSION = YES;
				CLANG_WARN_NON_LITERAL_NULL_CONVERSION = YES;
				CLANG_WARN_OBJC_IMPLICIT_RETAIN_SELF = YES;
				CLANG_WARN_OBJC_LITERAL_CONVERSION = YES;
				CLANG_WARN_OBJC_ROOT_CLASS = YES_ERROR;
				CLANG_WARN_QUOTED_INCLUDE_IN_FRAMEWORK_HEADER = YES;
				CLANG_WARN_RANGE_LOOP_ANALYSIS = YES;
				CLANG_WARN_STRICT_PROTOTYPES = YES;
				CLANG_WARN_SUSPICIOUS_MOVE = YES;
				CLANG_WARN_UNGUARDED_AVAILABILITY = YES_AGGRESSIVE;
				CLANG_WARN_UNREACHABLE_CODE = YES;
				CLANG_WARN__DUPLICATE_METHOD_MATCH = YES;
				COPY_PHASE_STRIP = NO;
				DEBUG_INFORMATION_FORMAT = dwarf;
				ENABLE_STRICT_OBJC_MSGSEND = YES;
				ENABLE_TESTABILITY = YES;
				GCC_C_LANGUAGE_STANDARD = gnu11;
				GCC_DYNAMIC_NO_PIC = NO;
				GCC_NO_COMMON_BLOCKS = YES;
				GCC_OPTIMIZATION_LEVEL = 0;
				GCC_PREPROCESSOR_DEFINITIONS = (
					"DEBUG=1",
					"$(inherited)",
				);
				GCC_WARN_64_TO_32_BIT_CONVERSION = YES;
				GCC_WARN_ABOUT_RETURN_TYPE = YES_ERROR;
				GCC_WARN_UNDECLARED_SELECTOR = YES;
				GCC_WARN_UNINITIALIZED_AUTOS = YES_AGGRESSIVE;
				GCC_WARN_UNUSED_FUNCTION = YES;
				GCC_WARN_UNUSED_VARIABLE = YES;
				IPHONEOS_DEPLOYMENT_TARGET = 14.4;
				MTL_ENABLE_DEBUG_INFO = INCLUDE_SOURCE;
				MTL_FAST_MATH = YES;
				ONLY_ACTIVE_ARCH = YES;
				SDKROOT = iphoneos;
				SWIFT_ACTIVE_COMPILATION_CONDITIONS = DEBUG;
				SWIFT_OPTIMIZATION_LEVEL = "-Onone";
			};
			name = Debug;
		};
		6AB540C125F1C65000CBAE93 /* Release */ = {
			isa = XCBuildConfiguration;
			buildSettings = {
				ALWAYS_SEARCH_USER_PATHS = NO;
				CLANG_ANALYZER_NONNULL = YES;
				CLANG_ANALYZER_NUMBER_OBJECT_CONVERSION = YES_AGGRESSIVE;
				CLANG_CXX_LANGUAGE_STANDARD = "gnu++14";
				CLANG_CXX_LIBRARY = "libc++";
				CLANG_ENABLE_MODULES = YES;
				CLANG_ENABLE_OBJC_ARC = YES;
				CLANG_ENABLE_OBJC_WEAK = YES;
				CLANG_WARN_BLOCK_CAPTURE_AUTORELEASING = YES;
				CLANG_WARN_BOOL_CONVERSION = YES;
				CLANG_WARN_COMMA = YES;
				CLANG_WARN_CONSTANT_CONVERSION = YES;
				CLANG_WARN_DEPRECATED_OBJC_IMPLEMENTATIONS = YES;
				CLANG_WARN_DIRECT_OBJC_ISA_USAGE = YES_ERROR;
				CLANG_WARN_DOCUMENTATION_COMMENTS = YES;
				CLANG_WARN_EMPTY_BODY = YES;
				CLANG_WARN_ENUM_CONVERSION = YES;
				CLANG_WARN_INFINITE_RECURSION = YES;
				CLANG_WARN_INT_CONVERSION = YES;
				CLANG_WARN_NON_LITERAL_NULL_CONVERSION = YES;
				CLANG_WARN_OBJC_IMPLICIT_RETAIN_SELF = YES;
				CLANG_WARN_OBJC_LITERAL_CONVERSION = YES;
				CLANG_WARN_OBJC_ROOT_CLASS = YES_ERROR;
				CLANG_WARN_QUOTED_INCLUDE_IN_FRAMEWORK_HEADER = YES;
				CLANG_WARN_RANGE_LOOP_ANALYSIS = YES;
				CLANG_WARN_STRICT_PROTOTYPES = YES;
				CLANG_WARN_SUSPICIOUS_MOVE = YES;
				CLANG_WARN_UNGUARDED_AVAILABILITY = YES_AGGRESSIVE;
				CLANG_WARN_UNREACHABLE_CODE = YES;
				CLANG_WARN__DUPLICATE_METHOD_MATCH = YES;
				COPY_PHASE_STRIP = NO;
				DEBUG_INFORMATION_FORMAT = "dwarf-with-dsym";
				ENABLE_NS_ASSERTIONS = NO;
				ENABLE_STRICT_OBJC_MSGSEND = YES;
				GCC_C_LANGUAGE_STANDARD = gnu11;
				GCC_NO_COMMON_BLOCKS = YES;
				GCC_WARN_64_TO_32_BIT_CONVERSION = YES;
				GCC_WARN_ABOUT_RETURN_TYPE = YES_ERROR;
				GCC_WARN_UNDECLARED_SELECTOR = YES;
				GCC_WARN_UNINITIALIZED_AUTOS = YES_AGGRESSIVE;
				GCC_WARN_UNUSED_FUNCTION = YES;
				GCC_WARN_UNUSED_VARIABLE = YES;
				IPHONEOS_DEPLOYMENT_TARGET = 14.4;
				MTL_ENABLE_DEBUG_INFO = NO;
				MTL_FAST_MATH = YES;
				SDKROOT = iphoneos;
				SWIFT_COMPILATION_MODE = wholemodule;
				SWIFT_OPTIMIZATION_LEVEL = "-O";
				VALIDATE_PRODUCT = YES;
			};
			name = Release;
		};
		6AB540C325F1C65000CBAE93 /* Debug */ = {
			isa = XCBuildConfiguration;
			buildSettings = {
				ASSETCATALOG_COMPILER_APPICON_NAME = AppIcon;
				ASSETCATALOG_COMPILER_GLOBAL_ACCENT_COLOR_NAME = AccentColor;
				CODE_SIGN_STYLE = Automatic;
				DEVELOPMENT_TEAM = 4XP6U9X87N;
				INFOPLIST_FILE = PackageDemo/Info.plist;
				LD_RUNPATH_SEARCH_PATHS = (
					"$(inherited)",
					"@executable_path/Frameworks",
				);
				PRODUCT_BUNDLE_IDENTIFIER = com.etiantian.PackageDemo;
				PRODUCT_NAME = "$(TARGET_NAME)";
				SWIFT_VERSION = 5.0;
				TARGETED_DEVICE_FAMILY = "1,2";
			};
			name = Debug;
		};
		6AB540C425F1C65000CBAE93 /* Release */ = {
			isa = XCBuildConfiguration;
			buildSettings = {
				ASSETCATALOG_COMPILER_APPICON_NAME = AppIcon;
				ASSETCATALOG_COMPILER_GLOBAL_ACCENT_COLOR_NAME = AccentColor;
				CODE_SIGN_STYLE = Automatic;
				DEVELOPMENT_TEAM = 4XP6U9X87N;
				INFOPLIST_FILE = PackageDemo/Info.plist;
				LD_RUNPATH_SEARCH_PATHS = (
					"$(inherited)",
					"@executable_path/Frameworks",
				);
				PRODUCT_BUNDLE_IDENTIFIER = com.etiantian.PackageDemo;
				PRODUCT_NAME = "$(TARGET_NAME)";
				SWIFT_VERSION = 5.0;
				TARGETED_DEVICE_FAMILY = "1,2";
			};
			name = Release;
		};
		6AB540C625F1C65000CBAE93 /* Debug */ = {
			isa = XCBuildConfiguration;
			buildSettings = {
				ALWAYS_EMBED_SWIFT_STANDARD_LIBRARIES = YES;
				BUNDLE_LOADER = "$(TEST_HOST)";
				CODE_SIGN_STYLE = Automatic;
				DEVELOPMENT_TEAM = 4XP6U9X87N;
				INFOPLIST_FILE = PackageDemoTests/Info.plist;
				IPHONEOS_DEPLOYMENT_TARGET = 14.4;
				LD_RUNPATH_SEARCH_PATHS = (
					"$(inherited)",
					"@executable_path/Frameworks",
					"@loader_path/Frameworks",
				);
				PRODUCT_BUNDLE_IDENTIFIER = com.etiantian.PackageDemoTests;
				PRODUCT_NAME = "$(TARGET_NAME)";
				SWIFT_VERSION = 5.0;
				TARGETED_DEVICE_FAMILY = "1,2";
				TEST_HOST = "$(BUILT_PRODUCTS_DIR)/PackageDemo.app/PackageDemo";
			};
			name = Debug;
		};
		6AB540C725F1C65000CBAE93 /* Release */ = {
			isa = XCBuildConfiguration;
			buildSettings = {
				ALWAYS_EMBED_SWIFT_STANDARD_LIBRARIES = YES;
				BUNDLE_LOADER = "$(TEST_HOST)";
				CODE_SIGN_STYLE = Automatic;
				DEVELOPMENT_TEAM = 4XP6U9X87N;
				INFOPLIST_FILE = PackageDemoTests/Info.plist;
				IPHONEOS_DEPLOYMENT_TARGET = 14.4;
				LD_RUNPATH_SEARCH_PATHS = (
					"$(inherited)",
					"@executable_path/Frameworks",
					"@loader_path/Frameworks",
				);
				PRODUCT_BUNDLE_IDENTIFIER = com.etiantian.PackageDemoTests;
				PRODUCT_NAME = "$(TARGET_NAME)";
				SWIFT_VERSION = 5.0;
				TARGETED_DEVICE_FAMILY = "1,2";
				TEST_HOST = "$(BUILT_PRODUCTS_DIR)/PackageDemo.app/PackageDemo";
			};
			name = Release;
		};
		6AB540C925F1C65000CBAE93 /* Debug */ = {
			isa = XCBuildConfiguration;
			buildSettings = {
				ALWAYS_EMBED_SWIFT_STANDARD_LIBRARIES = YES;
				CODE_SIGN_STYLE = Automatic;
				DEVELOPMENT_TEAM = 4XP6U9X87N;
				INFOPLIST_FILE = PackageDemoUITests/Info.plist;
				LD_RUNPATH_SEARCH_PATHS = (
					"$(inherited)",
					"@executable_path/Frameworks",
					"@loader_path/Frameworks",
				);
				PRODUCT_BUNDLE_IDENTIFIER = com.etiantian.PackageDemoUITests;
				PRODUCT_NAME = "$(TARGET_NAME)";
				SWIFT_VERSION = 5.0;
				TARGETED_DEVICE_FAMILY = "1,2";
				TEST_TARGET_NAME = PackageDemo;
			};
			name = Debug;
		};
		6AB540CA25F1C65000CBAE93 /* Release */ = {
			isa = XCBuildConfiguration;
			buildSettings = {
				ALWAYS_EMBED_SWIFT_STANDARD_LIBRARIES = YES;
				CODE_SIGN_STYLE = Automatic;
				DEVELOPMENT_TEAM = 4XP6U9X87N;
				INFOPLIST_FILE = PackageDemoUITests/Info.plist;
				LD_RUNPATH_SEARCH_PATHS = (
					"$(inherited)",
					"@executable_path/Frameworks",
					"@loader_path/Frameworks",
				);
				PRODUCT_BUNDLE_IDENTIFIER = com.etiantian.PackageDemoUITests;
				PRODUCT_NAME = "$(TARGET_NAME)";
				SWIFT_VERSION = 5.0;
				TARGETED_DEVICE_FAMILY = "1,2";
				TEST_TARGET_NAME = PackageDemo;
			};
			name = Release;
		};
/* End XCBuildConfiguration section */

/* Begin XCConfigurationList section */
		6AB5409325F1C64E00CBAE93 /* Build configuration list for PBXProject "PackageDemo" */ = {
			isa = XCConfigurationList;
			buildConfigurations = (
				6AB540C025F1C65000CBAE93 /* Debug */,
				6AB540C125F1C65000CBAE93 /* Release */,
			);
			defaultConfigurationIsVisible = 0;
			defaultConfigurationName = Release;
		};
		6AB540C225F1C65000CBAE93 /* Build configuration list for PBXNativeTarget "PackageDemo" */ = {
			isa = XCConfigurationList;
			buildConfigurations = (
				6AB540C325F1C65000CBAE93 /* Debug */,
				6AB540C425F1C65000CBAE93 /* Release */,
			);
			defaultConfigurationIsVisible = 0;
			defaultConfigurationName = Release;
		};
		6AB540C525F1C65000CBAE93 /* Build configuration list for PBXNativeTarget "PackageDemoTests" */ = {
			isa = XCConfigurationList;
			buildConfigurations = (
				6AB540C625F1C65000CBAE93 /* Debug */,
				6AB540C725F1C65000CBAE93 /* Release */,
			);
			defaultConfigurationIsVisible = 0;
			defaultConfigurationName = Release;
		};
		6AB540C825F1C65000CBAE93 /* Build configuration list for PBXNativeTarget "PackageDemoUITests" */ = {
			isa = XCConfigurationList;
			buildConfigurations = (
				6AB540C925F1C65000CBAE93 /* Debug */,
				6AB540CA25F1C65000CBAE93 /* Release */,
			);
			defaultConfigurationIsVisible = 0;
			defaultConfigurationName = Release;
		};
/* End XCConfigurationList section */
	};
	rootObject = 6AB5409025F1C64E00CBAE93 /* Project object */;
}
